// !$*UTF8*$!
{
	archiveVersion = 1;
	classes = {
	};
	objectVersion = 50;
	objects = {

/* Begin PBXBuildFile section */
		3C4F896E21A7CE5D005DD915 /* AppDelegate.swift in Sources */ = {isa = PBXBuildFile; fileRef = 3C4F896D21A7CE5D005DD915 /* AppDelegate.swift */; };
		3C4F897021A7CE5D005DD915 /* ViewController.swift in Sources */ = {isa = PBXBuildFile; fileRef = 3C4F896F21A7CE5D005DD915 /* ViewController.swift */; };
		3C4F897321A7CE5D005DD915 /* Main.storyboard in Resources */ = {isa = PBXBuildFile; fileRef = 3C4F897121A7CE5D005DD915 /* Main.storyboard */; };
		3C4F897521A7CE5E005DD915 /* Assets.xcassets in Resources */ = {isa = PBXBuildFile; fileRef = 3C4F897421A7CE5E005DD915 /* Assets.xcassets */; };
		3C4F897821A7CE5E005DD915 /* LaunchScreen.storyboard in Resources */ = {isa = PBXBuildFile; fileRef = 3C4F897621A7CE5E005DD915 /* LaunchScreen.storyboard */; };
		3C4F898321A7CE5E005DD915 /* __________Tests.swift in Sources */ = {isa = PBXBuildFile; fileRef = 3C4F898221A7CE5E005DD915 /* __________Tests.swift */; };
		3C4F898E21A7CE5E005DD915 /* __________UITests.swift in Sources */ = {isa = PBXBuildFile; fileRef = 3C4F898D21A7CE5E005DD915 /* __________UITests.swift */; };
		3C4F899C21A7CF12005DD915 /* SecViewController.swift in Sources */ = {isa = PBXBuildFile; fileRef = 3C4F899B21A7CF12005DD915 /* SecViewController.swift */; };
/* End PBXBuildFile section */

/* Begin PBXContainerItemProxy section */
		3C4F897F21A7CE5E005DD915 /* PBXContainerItemProxy */ = {
			isa = PBXContainerItemProxy;
			containerPortal = 3C4F896221A7CE5D005DD915 /* Project object */;
			proxyType = 1;
			remoteGlobalIDString = 3C4F896921A7CE5D005DD915;
			remoteInfo = "导航控制器的基本使用";
		};
		3C4F898A21A7CE5E005DD915 /* PBXContainerItemProxy */ = {
			isa = PBXContainerItemProxy;
			containerPortal = 3C4F896221A7CE5D005DD915 /* Project object */;
			proxyType = 1;
			remoteGlobalIDString = 3C4F896921A7CE5D005DD915;
			remoteInfo = "导航控制器的基本使用";
		};
/* End PBXContainerItemProxy section */

/* Begin PBXFileReference section */
		3C4F896A21A7CE5D005DD915 /* 导航控制器的基本使用.app */ = {isa = PBXFileReference; explicitFileType = wrapper.application; includeInIndex = 0; path = "导航控制器的基本使用.app"; sourceTree = BUILT_PRODUCTS_DIR; };
		3C4F896D21A7CE5D005DD915 /* AppDelegate.swift */ = {isa = PBXFileReference; lastKnownFileType = sourcecode.swift; path = AppDelegate.swift; sourceTree = "<group>"; };
		3C4F896F21A7CE5D005DD915 /* ViewController.swift */ = {isa = PBXFileReference; lastKnownFileType = sourcecode.swift; path = ViewController.swift; sourceTree = "<group>"; };
		3C4F897221A7CE5D005DD915 /* Base */ = {isa = PBXFileReference; lastKnownFileType = file.storyboard; name = Base; path = Base.lproj/Main.storyboard; sourceTree = "<group>"; };
		3C4F897421A7CE5E005DD915 /* Assets.xcassets */ = {isa = PBXFileReference; lastKnownFileType = folder.assetcatalog; path = Assets.xcassets; sourceTree = "<group>"; };
		3C4F897721A7CE5E005DD915 /* Base */ = {isa = PBXFileReference; lastKnownFileType = file.storyboard; name = Base; path = Base.lproj/LaunchScreen.storyboard; sourceTree = "<group>"; };
		3C4F897921A7CE5E005DD915 /* Info.plist */ = {isa = PBXFileReference; lastKnownFileType = text.plist.xml; path = Info.plist; sourceTree = "<group>"; };
		3C4F897E21A7CE5E005DD915 /* 导航控制器的基本使用Tests.xctest */ = {isa = PBXFileReference; explicitFileType = wrapper.cfbundle; includeInIndex = 0; path = "导航控制器的基本使用Tests.xctest"; sourceTree = BUILT_PRODUCTS_DIR; };
		3C4F898221A7CE5E005DD915 /* __________Tests.swift */ = {isa = PBXFileReference; lastKnownFileType = sourcecode.swift; path = "__________Tests.swift"; sourceTree = "<group>"; };
		3C4F898421A7CE5E005DD915 /* Info.plist */ = {isa = PBXFileReference; lastKnownFileType = text.plist.xml; path = Info.plist; sourceTree = "<group>"; };
		3C4F898921A7CE5E005DD915 /* 导航控制器的基本使用UITests.xctest */ = {isa = PBXFileReference; explicitFileType = wrapper.cfbundle; includeInIndex = 0; path = "导航控制器的基本使用UITests.xctest"; sourceTree = BUILT_PRODUCTS_DIR; };
		3C4F898D21A7CE5E005DD915 /* __________UITests.swift */ = {isa = PBXFileReference; lastKnownFileType = sourcecode.swift; path = "__________UITests.swift"; sourceTree = "<group>"; };
		3C4F898F21A7CE5E005DD915 /* Info.plist */ = {isa = PBXFileReference; lastKnownFileType = text.plist.xml; path = Info.plist; sourceTree = "<group>"; };
		3C4F899B21A7CF12005DD915 /* SecViewController.swift */ = {isa = PBXFileReference; lastKnownFileType = sourcecode.swift; path = SecViewController.swift; sourceTree = "<group>"; };
/* End PBXFileReference section */

/* Begin PBXFrameworksBuildPhase section */
		3C4F896721A7CE5D005DD915 /* Frameworks */ = {
			isa = PBXFrameworksBuildPhase;
			buildActionMask = 2147483647;
			files = (
			);
			runOnlyForDeploymentPostprocessing = 0;
		};
		3C4F897B21A7CE5E005DD915 /* Frameworks */ = {
			isa = PBXFrameworksBuildPhase;
			buildActionMask = 2147483647;
			files = (
			);
			runOnlyForDeploymentPostprocessing = 0;
		};
		3C4F898621A7CE5E005DD915 /* Frameworks */ = {
			isa = PBXFrameworksBuildPhase;
			buildActionMask = 2147483647;
			files = (
			);
			runOnlyForDeploymentPostprocessing = 0;
		};
/* End PBXFrameworksBuildPhase section */

/* Begin PBXGroup section */
		3C4F896121A7CE5D005DD915 = {
			isa = PBXGroup;
			children = (
				3C4F896C21A7CE5D005DD915 /* 导航控制器的基本使用 */,
				3C4F898121A7CE5E005DD915 /* 导航控制器的基本使用Tests */,
				3C4F898C21A7CE5E005DD915 /* 导航控制器的基本使用UITests */,
				3C4F896B21A7CE5D005DD915 /* Products */,
			);
			sourceTree = "<group>";
		};
		3C4F896B21A7CE5D005DD915 /* Products */ = {
			isa = PBXGroup;
			children = (
				3C4F896A21A7CE5D005DD915 /* 导航控制器的基本使用.app */,
				3C4F897E21A7CE5E005DD915 /* 导航控制器的基本使用Tests.xctest */,
				3C4F898921A7CE5E005DD915 /* 导航控制器的基本使用UITests.xctest */,
			);
			name = Products;
			sourceTree = "<group>";
		};
		3C4F896C21A7CE5D005DD915 /* 导航控制器的基本使用 */ = {
			isa = PBXGroup;
			children = (
				3C4F896D21A7CE5D005DD915 /* AppDelegate.swift */,
				3C4F896F21A7CE5D005DD915 /* ViewController.swift */,
				3C4F897121A7CE5D005DD915 /* Main.storyboard */,
				3C4F897421A7CE5E005DD915 /* Assets.xcassets */,
				3C4F897621A7CE5E005DD915 /* LaunchScreen.storyboard */,
				3C4F897921A7CE5E005DD915 /* Info.plist */,
				3C4F899B21A7CF12005DD915 /* SecViewController.swift */,
			);
			path = "导航控制器的基本使用";
			sourceTree = "<group>";
		};
		3C4F898121A7CE5E005DD915 /* 导航控制器的基本使用Tests */ = {
			isa = PBXGroup;
			children = (
				3C4F898221A7CE5E005DD915 /* __________Tests.swift */,
				3C4F898421A7CE5E005DD915 /* Info.plist */,
			);
			path = "导航控制器的基本使用Tests";
			sourceTree = "<group>";
		};
		3C4F898C21A7CE5E005DD915 /* 导航控制器的基本使用UITests */ = {
			isa = PBXGroup;
			children = (
				3C4F898D21A7CE5E005DD915 /* __________UITests.swift */,
				3C4F898F21A7CE5E005DD915 /* Info.plist */,
			);
			path = "导航控制器的基本使用UITests";
			sourceTree = "<group>";
		};
/* End PBXGroup section */

/* Begin PBXNativeTarget section */
		3C4F896921A7CE5D005DD915 /* 导航控制器的基本使用 */ = {
			isa = PBXNativeTarget;
			buildConfigurationList = 3C4F899221A7CE5E005DD915 /* Build configuration list for PBXNativeTarget "导航控制器的基本使用" */;
			buildPhases = (
				3C4F896621A7CE5D005DD915 /* Sources */,
				3C4F896721A7CE5D005DD915 /* Frameworks */,
				3C4F896821A7CE5D005DD915 /* Resources */,
			);
			buildRules = (
			);
			dependencies = (
			);
			name = "导航控制器的基本使用";
			productName = "导航控制器的基本使用";
			productReference = 3C4F896A21A7CE5D005DD915 /* 导航控制器的基本使用.app */;
			productType = "com.apple.product-type.application";
		};
		3C4F897D21A7CE5E005DD915 /* 导航控制器的基本使用Tests */ = {
			isa = PBXNativeTarget;
			buildConfigurationList = 3C4F899521A7CE5E005DD915 /* Build configuration list for PBXNativeTarget "导航控制器的基本使用Tests" */;
			buildPhases = (
				3C4F897A21A7CE5E005DD915 /* Sources */,
				3C4F897B21A7CE5E005DD915 /* Frameworks */,
				3C4F897C21A7CE5E005DD915 /* Resources */,
			);
			buildRules = (
			);
			dependencies = (
				3C4F898021A7CE5E005DD915 /* PBXTargetDependency */,
			);
			name = "导航控制器的基本使用Tests";
			productName = "导航控制器的基本使用Tests";
			productReference = 3C4F897E21A7CE5E005DD915 /* 导航控制器的基本使用Tests.xctest */;
			productType = "com.apple.product-type.bundle.unit-test";
		};
		3C4F898821A7CE5E005DD915 /* 导航控制器的基本使用UITests */ = {
			isa = PBXNativeTarget;
			buildConfigurationList = 3C4F899821A7CE5E005DD915 /* Build configuration list for PBXNativeTarget "导航控制器的基本使用UITests" */;
			buildPhases = (
				3C4F898521A7CE5E005DD915 /* Sources */,
				3C4F898621A7CE5E005DD915 /* Frameworks */,
				3C4F898721A7CE5E005DD915 /* Resources */,
			);
			buildRules = (
			);
			dependencies = (
				3C4F898B21A7CE5E005DD915 /* PBXTargetDependency */,
			);
			name = "导航控制器的基本使用UITests";
			productName = "导航控制器的基本使用UITests";
			productReference = 3C4F898921A7CE5E005DD915 /* 导航控制器的基本使用UITests.xctest */;
			productType = "com.apple.product-type.bundle.ui-testing";
		};
/* End PBXNativeTarget section */

/* Begin PBXProject section */
		3C4F896221A7CE5D005DD915 /* Project object */ = {
			isa = PBXProject;
			attributes = {
				LastSwiftUpdateCheck = 1010;
				LastUpgradeCheck = 1010;
				ORGANIZATIONNAME = ABC;
				TargetAttributes = {
					3C4F896921A7CE5D005DD915 = {
						CreatedOnToolsVersion = 10.1;
					};
					3C4F897D21A7CE5E005DD915 = {
						CreatedOnToolsVersion = 10.1;
						TestTargetID = 3C4F896921A7CE5D005DD915;
					};
					3C4F898821A7CE5E005DD915 = {
						CreatedOnToolsVersion = 10.1;
						TestTargetID = 3C4F896921A7CE5D005DD915;
					};
				};
			};
			buildConfigurationList = 3C4F896521A7CE5D005DD915 /* Build configuration list for PBXProject "导航控制器的基本使用" */;
			compatibilityVersion = "Xcode 9.3";
			developmentRegion = en;
			hasScannedForEncodings = 0;
			knownRegions = (
				en,
				Base,
			);
			mainGroup = 3C4F896121A7CE5D005DD915;
			productRefGroup = 3C4F896B21A7CE5D005DD915 /* Products */;
			projectDirPath = "";
			projectRoot = "";
			targets = (
				3C4F896921A7CE5D005DD915 /* 导航控制器的基本使用 */,
				3C4F897D21A7CE5E005DD915 /* 导航控制器的基本使用Tests */,
				3C4F898821A7CE5E005DD915 /* 导航控制器的基本使用UITests */,
			);
		};
/* End PBXProject section */

/* Begin PBXResourcesBuildPhase section */
		3C4F896821A7CE5D005DD915 /* Resources */ = {
			isa = PBXResourcesBuildPhase;
			buildActionMask = 2147483647;
			files = (
				3C4F897821A7CE5E005DD915 /* LaunchScreen.storyboard in Resources */,
				3C4F897521A7CE5E005DD915 /* Assets.xcassets in Resources */,
				3C4F897321A7CE5D005DD915 /* Main.storyboard in Resources */,
			);
			runOnlyForDeploymentPostprocessing = 0;
		};
		3C4F897C21A7CE5E005DD915 /* Resources */ = {
			isa = PBXResourcesBuildPhase;
			buildActionMask = 2147483647;
			files = (
			);
			runOnlyForDeploymentPostprocessing = 0;
		};
		3C4F898721A7CE5E005DD915 /* Resources */ = {
			isa = PBXResourcesBuildPhase;
			buildActionMask = 2147483647;
			files = (
			);
			runOnlyForDeploymentPostprocessing = 0;
		};
/* End PBXResourcesBuildPhase section */

/* Begin PBXSourcesBuildPhase section */
		3C4F896621A7CE5D005DD915 /* Sources */ = {
			isa = PBXSourcesBuildPhase;
			buildActionMask = 2147483647;
			files = (
				3C4F897021A7CE5D005DD915 /* ViewController.swift in Sources */,
				3C4F896E21A7CE5D005DD915 /* AppDelegate.swift in Sources */,
				3C4F899C21A7CF12005DD915 /* SecViewController.swift in Sources */,
			);
			runOnlyForDeploymentPostprocessing = 0;
		};
		3C4F897A21A7CE5E005DD915 /* Sources */ = {
			isa = PBXSourcesBuildPhase;
			buildActionMask = 2147483647;
			files = (
				3C4F898321A7CE5E005DD915 /* __________Tests.swift in Sources */,
			);
			runOnlyForDeploymentPostprocessing = 0;
		};
		3C4F898521A7CE5E005DD915 /* Sources */ = {
			isa = PBXSourcesBuildPhase;
			buildActionMask = 2147483647;
			files = (
				3C4F898E21A7CE5E005DD915 /* __________UITests.swift in Sources */,
			);
			runOnlyForDeploymentPostprocessing = 0;
		};
/* End PBXSourcesBuildPhase section */

/* Begin PBXTargetDependency section */
		3C4F898021A7CE5E005DD915 /* PBXTargetDependency */ = {
			isa = PBXTargetDependency;
			target = 3C4F896921A7CE5D005DD915 /* 导航控制器的基本使用 */;
			targetProxy = 3C4F897F21A7CE5E005DD915 /* PBXContainerItemProxy */;
		};
		3C4F898B21A7CE5E005DD915 /* PBXTargetDependency */ = {
			isa = PBXTargetDependency;
			target = 3C4F896921A7CE5D005DD915 /* 导航控制器的基本使用 */;
			targetProxy = 3C4F898A21A7CE5E005DD915 /* PBXContainerItemProxy */;
		};
/* End PBXTargetDependency section */

/* Begin PBXVariantGroup section */
		3C4F897121A7CE5D005DD915 /* Main.storyboard */ = {
			isa = PBXVariantGroup;
			children = (
				3C4F897221A7CE5D005DD915 /* Base */,
			);
			name = Main.storyboard;
			sourceTree = "<group>";
		};
		3C4F897621A7CE5E005DD915 /* LaunchScreen.storyboard */ = {
			isa = PBXVariantGroup;
			children = (
				3C4F897721A7CE5E005DD915 /* Base */,
			);
			name = LaunchScreen.storyboard;
			sourceTree = "<group>";
		};
/* End PBXVariantGroup section */

/* Begin XCBuildConfiguration section */
		3C4F899021A7CE5E005DD915 /* Debug */ = {
			isa = XCBuildConfiguration;
			buildSettings = {
				ALWAYS_SEARCH_USER_PATHS = NO;
				CLANG_ANALYZER_NONNULL = YES;
				CLANG_ANALYZER_NUMBER_OBJECT_CONVERSION = YES_AGGRESSIVE;
				CLANG_CXX_LANGUAGE_STANDARD = "gnu++14";
				CLANG_CXX_LIBRARY = "libc++";
				CLANG_ENABLE_MODULES = YES;
				CLANG_ENABLE_OBJC_ARC = YES;
				CLANG_ENABLE_OBJC_WEAK = YES;
				CLANG_WARN_BLOCK_CAPTURE_AUTORELEASING = YES;
				CLANG_WARN_BOOL_CONVERSION = YES;
				CLANG_WARN_COMMA = YES;
				CLANG_WARN_CONSTANT_CONVERSION = YES;
				CLANG_WARN_DEPRECATED_OBJC_IMPLEMENTATIONS = YES;
				CLANG_WARN_DIRECT_OBJC_ISA_USAGE = YES_ERROR;
				CLANG_WARN_DOCUMENTATION_COMMENTS = YES;
				CLANG_WARN_EMPTY_BODY = YES;
				CLANG_WARN_ENUM_CONVERSION = YES;
				CLANG_WARN_INFINITE_RECURSION = YES;
				CLANG_WARN_INT_CONVERSION = YES;
				CLANG_WARN_NON_LITERAL_NULL_CONVERSION = YES;
				CLANG_WARN_OBJC_IMPLICIT_RETAIN_SELF = YES;
				CLANG_WARN_OBJC_LITERAL_CONVERSION = YES;
				CLANG_WARN_OBJC_ROOT_CLASS = YES_ERROR;
				CLANG_WARN_RANGE_LOOP_ANALYSIS = YES;
				CLANG_WARN_STRICT_PROTOTYPES = YES;
				CLANG_WARN_SUSPICIOUS_MOVE = YES;
				CLANG_WARN_UNGUARDED_AVAILABILITY = YES_AGGRESSIVE;
				CLANG_WARN_UNREACHABLE_CODE = YES;
				CLANG_WARN__DUPLICATE_METHOD_MATCH = YES;
				CODE_SIGN_IDENTITY = "iPhone Developer";
				COPY_PHASE_STRIP = NO;
				DEBUG_INFORMATION_FORMAT = dwarf;
				ENABLE_STRICT_OBJC_MSGSEND = YES;
				ENABLE_TESTABILITY = YES;
				GCC_C_LANGUAGE_STANDARD = gnu11;
				GCC_DYNAMIC_NO_PIC = NO;
				GCC_NO_COMMON_BLOCKS = YES;
				GCC_OPTIMIZATION_LEVEL = 0;
				GCC_PREPROCESSOR_DEFINITIONS = (
					"DEBUG=1",
					"$(inherited)",
				);
				GCC_WARN_64_TO_32_BIT_CONVERSION = YES;
				GCC_WARN_ABOUT_RETURN_TYPE = YES_ERROR;
				GCC_WARN_UNDECLARED_SELECTOR = YES;
				GCC_WARN_UNINITIALIZED_AUTOS = YES_AGGRESSIVE;
				GCC_WARN_UNUSED_FUNCTION = YES;
				GCC_WARN_UNUSED_VARIABLE = YES;
				IPHONEOS_DEPLOYMENT_TARGET = 12.1;
				MTL_ENABLE_DEBUG_INFO = INCLUDE_SOURCE;
				MTL_FAST_MATH = YES;
				ONLY_ACTIVE_ARCH = YES;
				SDKROOT = iphoneos;
				SWIFT_ACTIVE_COMPILATION_CONDITIONS = DEBUG;
				SWIFT_OPTIMIZATION_LEVEL = "-Onone";
			};
			name = Debug;
		};
		3C4F899121A7CE5E005DD915 /* Release */ = {
			isa = XCBuildConfiguration;
			buildSettings = {
				ALWAYS_SEARCH_USER_PATHS = NO;
				CLANG_ANALYZER_NONNULL = YES;
				CLANG_ANALYZER_NUMBER_OBJECT_CONVERSION = YES_AGGRESSIVE;
				CLANG_CXX_LANGUAGE_STANDARD = "gnu++14";
				CLANG_CXX_LIBRARY = "libc++";
				CLANG_ENABLE_MODULES = YES;
				CLANG_ENABLE_OBJC_ARC = YES;
				CLANG_ENABLE_OBJC_WEAK = YES;
				CLANG_WARN_BLOCK_CAPTURE_AUTORELEASING = YES;
				CLANG_WARN_BOOL_CONVERSION = YES;
				CLANG_WARN_COMMA = YES;
				CLANG_WARN_CONSTANT_CONVERSION = YES;
				CLANG_WARN_DEPRECATED_OBJC_IMPLEMENTATIONS = YES;
				CLANG_WARN_DIRECT_OBJC_ISA_USAGE = YES_ERROR;
				CLANG_WARN_DOCUMENTATION_COMMENTS = YES;
				CLANG_WARN_EMPTY_BODY = YES;
				CLANG_WARN_ENUM_CONVERSION = YES;
				CLANG_WARN_INFINITE_RECURSION = YES;
				CLANG_WARN_INT_CONVERSION = YES;
				CLANG_WARN_NON_LITERAL_NULL_CONVERSION = YES;
				CLANG_WARN_OBJC_IMPLICIT_RETAIN_SELF = YES;
				CLANG_WARN_OBJC_LITERAL_CONVERSION = YES;
				CLANG_WARN_OBJC_ROOT_CLASS = YES_ERROR;
				CLANG_WARN_RANGE_LOOP_ANALYSIS = YES;
				CLANG_WARN_STRICT_PROTOTYPES = YES;
				CLANG_WARN_SUSPICIOUS_MOVE = YES;
				CLANG_WARN_UNGUARDED_AVAILABILITY = YES_AGGRESSIVE;
				CLANG_WARN_UNREACHABLE_CODE = YES;
				CLANG_WARN__DUPLICATE_METHOD_MATCH = YES;
				CODE_SIGN_IDENTITY = "iPhone Developer";
				COPY_PHASE_STRIP = NO;
				DEBUG_INFORMATION_FORMAT = "dwarf-with-dsym";
				ENABLE_NS_ASSERTIONS = NO;
				ENABLE_STRICT_OBJC_MSGSEND = YES;
				GCC_C_LANGUAGE_STANDARD = gnu11;
				GCC_NO_COMMON_BLOCKS = YES;
				GCC_WARN_64_TO_32_BIT_CONVERSION = YES;
				GCC_WARN_ABOUT_RETURN_TYPE = YES_ERROR;
				GCC_WARN_UNDECLARED_SELECTOR = YES;
				GCC_WARN_UNINITIALIZED_AUTOS = YES_AGGRESSIVE;
				GCC_WARN_UNUSED_FUNCTION = YES;
				GCC_WARN_UNUSED_VARIABLE = YES;
				IPHONEOS_DEPLOYMENT_TARGET = 12.1;
				MTL_ENABLE_DEBUG_INFO = NO;
				MTL_FAST_MATH = YES;
				SDKROOT = iphoneos;
				SWIFT_COMPILATION_MODE = wholemodule;
				SWIFT_OPTIMIZATION_LEVEL = "-O";
				VALIDATE_PRODUCT = YES;
			};
			name = Release;
		};
		3C4F899321A7CE5E005DD915 /* Debug */ = {
			isa = XCBuildConfiguration;
			buildSettings = {
				ASSETCATALOG_COMPILER_APPICON_NAME = AppIcon;
				CODE_SIGN_STYLE = Automatic;
				INFOPLIST_FILE = "导航控制器的基本使用/Info.plist";
				LD_RUNPATH_SEARCH_PATHS = (
					"$(inherited)",
					"@executable_path/Frameworks",
				);
				PRODUCT_BUNDLE_IDENTIFIER = "cn.edu.abc.----------";
				PRODUCT_NAME = "$(TARGET_NAME)";
				SWIFT_VERSION = 4.2;
				TARGETED_DEVICE_FAMILY = "1,2";
			};
			name = Debug;
		};
		3C4F899421A7CE5E005DD915 /* Release */ = {
			isa = XCBuildConfiguration;
			buildSettings = {
				ASSETCATALOG_COMPILER_APPICON_NAME = AppIcon;
				CODE_SIGN_STYLE = Automatic;
				INFOPLIST_FILE = "导航控制器的基本使用/Info.plist";
				LD_RUNPATH_SEARCH_PATHS = (
					"$(inherited)",
					"@executable_path/Frameworks",
				);
				PRODUCT_BUNDLE_IDENTIFIER = "cn.edu.abc.----------";
				PRODUCT_NAME = "$(TARGET_NAME)";
				SWIFT_VERSION = 4.2;
				TARGETED_DEVICE_FAMILY = "1,2";
			};
			name = Release;
		};
		3C4F899621A7CE5E005DD915 /* Debug */ = {
			isa = XCBuildConfiguration;
			buildSettings = {
				ALWAYS_EMBED_SWIFT_STANDARD_LIBRARIES = YES;
				BUNDLE_LOADER = "$(TEST_HOST)";
				CODE_SIGN_STYLE = Automatic;
				INFOPLIST_FILE = "导航控制器的基本使用Tests/Info.plist";
				LD_RUNPATH_SEARCH_PATHS = (
					"$(inherited)",
					"@executable_path/Frameworks",
					"@loader_path/Frameworks",
				);
				PRODUCT_BUNDLE_IDENTIFIER = "cn.edu.abc.----------Tests";
				PRODUCT_NAME = "$(TARGET_NAME)";
				SWIFT_VERSION = 4.2;
				TARGETED_DEVICE_FAMILY = "1,2";
				TEST_HOST = "$(BUILT_PRODUCTS_DIR)/导航控制器的基本使用.app/导航控制器的基本使用";
			};
			name = Debug;
		};
		3C4F899721A7CE5E005DD915 /* Release */ = {
			isa = XCBuildConfiguration;
			buildSettings = {
				ALWAYS_EMBED_SWIFT_STANDARD_LIBRARIES = YES;
				BUNDLE_LOADER = "$(TEST_HOST)";
				CODE_SIGN_STYLE = Automatic;
				INFOPLIST_FILE = "导航控制器的基本使用Tests/Info.plist";
				LD_RUNPATH_SEARCH_PATHS = (
					"$(inherited)",
					"@executable_path/Frameworks",
					"@loader_path/Frameworks",
				);
				PRODUCT_BUNDLE_IDENTIFIER = "cn.edu.abc.----------Tests";
				PRODUCT_NAME = "$(TARGET_NAME)";
				SWIFT_VERSION = 4.2;
				TARGETED_DEVICE_FAMILY = "1,2";
				TEST_HOST = "$(BUILT_PRODUCTS_DIR)/导航控制器的基本使用.app/导航控制器的基本使用";
			};
			name = Release;
		};
		3C4F899921A7CE5E005DD915 /* Debug */ = {
			isa = XCBuildConfiguration;
			buildSettings = {
				ALWAYS_EMBED_SWIFT_STANDARD_LIBRARIES = YES;
				CODE_SIGN_STYLE = Automatic;
				INFOPLIST_FILE = "导航控制器的基本使用UITests/Info.plist";
				LD_RUNPATH_SEARCH_PATHS = (
					"$(inherited)",
					"@executable_path/Frameworks",
					"@loader_path/Frameworks",
				);
				PRODUCT_BUNDLE_IDENTIFIER = "cn.edu.abc.----------UITests";
				PRODUCT_NAME = "$(TARGET_NAME)";
				SWIFT_VERSION = 4.2;
				TARGETED_DEVICE_FAMILY = "1,2";
				TEST_TARGET_NAME = "导航控制器的基本使用";
			};
			name = Debug;
		};
		3C4F899A21A7CE5E005DD915 /* Release */ = {
			isa = XCBuildConfiguration;
			buildSettings = {
				ALWAYS_EMBED_SWIFT_STANDARD_LIBRARIES = YES;
				CODE_SIGN_STYLE = Automatic;
				INFOPLIST_FILE = "导航控制器的基本使用UITests/Info.plist";
				LD_RUNPATH_SEARCH_PATHS = (
					"$(inherited)",
					"@executable_path/Frameworks",
					"@loader_path/Frameworks",
				);
				PRODUCT_BUNDLE_IDENTIFIER = "cn.edu.abc.----------UITests";
				PRODUCT_NAME = "$(TARGET_NAME)";
				SWIFT_VERSION = 4.2;
				TARGETED_DEVICE_FAMILY = "1,2";
				TEST_TARGET_NAME = "导航控制器的基本使用";
			};
			name = Release;
		};
/* End XCBuildConfiguration section */

/* Begin XCConfigurationList section */
		3C4F896521A7CE5D005DD915 /* Build configuration list for PBXProject "导航控制器的基本使用" */ = {
			isa = XCConfigurationList;
			buildConfigurations = (
				3C4F899021A7CE5E005DD915 /* Debug */,
				3C4F899121A7CE5E005DD915 /* Release */,
			);
			defaultConfigurationIsVisible = 0;
			defaultConfigurationName = Release;
		};
		3C4F899221A7CE5E005DD915 /* Build configuration list for PBXNativeTarget "导航控制器的基本使用" */ = {
			isa = XCConfigurationList;
			buildConfigurations = (
				3C4F899321A7CE5E005DD915 /* Debug */,
				3C4F899421A7CE5E005DD915 /* Release */,
			);
			defaultConfigurationIsVisible = 0;
			defaultConfigurationName = Release;
		};
		3C4F899521A7CE5E005DD915 /* Build configuration list for PBXNativeTarget "导航控制器的基本使用Tests" */ = {
			isa = XCConfigurationList;
			buildConfigurations = (
				3C4F899621A7CE5E005DD915 /* Debug */,
				3C4F899721A7CE5E005DD915 /* Release */,
			);
			defaultConfigurationIsVisible = 0;
			defaultConfigurationName = Release;
		};
		3C4F899821A7CE5E005DD915 /* Build configuration list for PBXNativeTarget "导航控制器的基本使用UITests" */ = {
			isa = XCConfigurationList;
			buildConfigurations = (
				3C4F899921A7CE5E005DD915 /* Debug */,
				3C4F899A21A7CE5E005DD915 /* Release */,
			);
			defaultConfigurationIsVisible = 0;
			defaultConfigurationName = Release;
		};
/* End XCConfigurationList section */
	};
	rootObject = 3C4F896221A7CE5D005DD915 /* Project object */;
}
