// !$*UTF8*$!
{
	archiveVersion = 1;
	classes = {
	};
	objectVersion = 50;
	objects = {

/* Begin PBXBuildFile section */
		3C18329521777085004DAC29 /* AppDelegate.swift in Sources */ = {isa = PBXBuildFile; fileRef = 3C18329421777085004DAC29 /* AppDelegate.swift */; };
		3C18329721777085004DAC29 /* ViewController.swift in Sources */ = {isa = PBXBuildFile; fileRef = 3C18329621777085004DAC29 /* ViewController.swift */; };
		3C18329A21777085004DAC29 /* Main.storyboard in Resources */ = {isa = PBXBuildFile; fileRef = 3C18329821777085004DAC29 /* Main.storyboard */; };
		3C18329C21777086004DAC29 /* Assets.xcassets in Resources */ = {isa = PBXBuildFile; fileRef = 3C18329B21777086004DAC29 /* Assets.xcassets */; };
		3C18329F21777086004DAC29 /* LaunchScreen.storyboard in Resources */ = {isa = PBXBuildFile; fileRef = 3C18329D21777086004DAC29 /* LaunchScreen.storyboard */; };
		3C1832AA21777086004DAC29 /* WKWebView__Tests.swift in Sources */ = {isa = PBXBuildFile; fileRef = 3C1832A921777086004DAC29 /* WKWebView__Tests.swift */; };
		3C1832B521777086004DAC29 /* WKWebView__UITests.swift in Sources */ = {isa = PBXBuildFile; fileRef = 3C1832B421777086004DAC29 /* WKWebView__UITests.swift */; };
		3C1832C421777264004DAC29 /* sample.html in Resources */ = {isa = PBXBuildFile; fileRef = 3C1832C321777263004DAC29 /* sample.html */; };
/* End PBXBuildFile section */

/* Begin PBXContainerItemProxy section */
		3C1832A621777086004DAC29 /* PBXContainerItemProxy */ = {
			isa = PBXContainerItemProxy;
			containerPortal = 3C18328921777085004DAC29 /* Project object */;
			proxyType = 1;
			remoteGlobalIDString = 3C18329021777085004DAC29;
			remoteInfo = "WKWebView案例";
		};
		3C1832B121777086004DAC29 /* PBXContainerItemProxy */ = {
			isa = PBXContainerItemProxy;
			containerPortal = 3C18328921777085004DAC29 /* Project object */;
			proxyType = 1;
			remoteGlobalIDString = 3C18329021777085004DAC29;
			remoteInfo = "WKWebView案例";
		};
/* End PBXContainerItemProxy section */

/* Begin PBXFileReference section */
		3C18329121777085004DAC29 /* WKWebView案例.app */ = {isa = PBXFileReference; explicitFileType = wrapper.application; includeInIndex = 0; path = "WKWebView案例.app"; sourceTree = BUILT_PRODUCTS_DIR; };
		3C18329421777085004DAC29 /* AppDelegate.swift */ = {isa = PBXFileReference; lastKnownFileType = sourcecode.swift; path = AppDelegate.swift; sourceTree = "<group>"; };
		3C18329621777085004DAC29 /* ViewController.swift */ = {isa = PBXFileReference; lastKnownFileType = sourcecode.swift; path = ViewController.swift; sourceTree = "<group>"; };
		3C18329921777085004DAC29 /* Base */ = {isa = PBXFileReference; lastKnownFileType = file.storyboard; name = Base; path = Base.lproj/Main.storyboard; sourceTree = "<group>"; };
		3C18329B21777086004DAC29 /* Assets.xcassets */ = {isa = PBXFileReference; lastKnownFileType = folder.assetcatalog; path = Assets.xcassets; sourceTree = "<group>"; };
		3C18329E21777086004DAC29 /* Base */ = {isa = PBXFileReference; lastKnownFileType = file.storyboard; name = Base; path = Base.lproj/LaunchScreen.storyboard; sourceTree = "<group>"; };
		3C1832A021777086004DAC29 /* Info.plist */ = {isa = PBXFileReference; lastKnownFileType = text.plist.xml; path = Info.plist; sourceTree = "<group>"; };
		3C1832A521777086004DAC29 /* WKWebView案例Tests.xctest */ = {isa = PBXFileReference; explicitFileType = wrapper.cfbundle; includeInIndex = 0; path = "WKWebView案例Tests.xctest"; sourceTree = BUILT_PRODUCTS_DIR; };
		3C1832A921777086004DAC29 /* WKWebView__Tests.swift */ = {isa = PBXFileReference; lastKnownFileType = sourcecode.swift; path = WKWebView__Tests.swift; sourceTree = "<group>"; };
		3C1832AB21777086004DAC29 /* Info.plist */ = {isa = PBXFileReference; lastKnownFileType = text.plist.xml; path = Info.plist; sourceTree = "<group>"; };
		3C1832B021777086004DAC29 /* WKWebView案例UITests.xctest */ = {isa = PBXFileReference; explicitFileType = wrapper.cfbundle; includeInIndex = 0; path = "WKWebView案例UITests.xctest"; sourceTree = BUILT_PRODUCTS_DIR; };
		3C1832B421777086004DAC29 /* WKWebView__UITests.swift */ = {isa = PBXFileReference; lastKnownFileType = sourcecode.swift; path = WKWebView__UITests.swift; sourceTree = "<group>"; };
		3C1832B621777086004DAC29 /* Info.plist */ = {isa = PBXFileReference; lastKnownFileType = text.plist.xml; path = Info.plist; sourceTree = "<group>"; };
		3C1832C321777263004DAC29 /* sample.html */ = {isa = PBXFileReference; fileEncoding = 4; lastKnownFileType = text.html; path = sample.html; sourceTree = "<group>"; };
/* End PBXFileReference section */

/* Begin PBXFrameworksBuildPhase section */
		3C18328E21777085004DAC29 /* Frameworks */ = {
			isa = PBXFrameworksBuildPhase;
			buildActionMask = 2147483647;
			files = (
			);
			runOnlyForDeploymentPostprocessing = 0;
		};
		3C1832A221777086004DAC29 /* Frameworks */ = {
			isa = PBXFrameworksBuildPhase;
			buildActionMask = 2147483647;
			files = (
			);
			runOnlyForDeploymentPostprocessing = 0;
		};
		3C1832AD21777086004DAC29 /* Frameworks */ = {
			isa = PBXFrameworksBuildPhase;
			buildActionMask = 2147483647;
			files = (
			);
			runOnlyForDeploymentPostprocessing = 0;
		};
/* End PBXFrameworksBuildPhase section */

/* Begin PBXGroup section */
		3C18328821777085004DAC29 = {
			isa = PBXGroup;
			children = (
				3C18329321777085004DAC29 /* WKWebView案例 */,
				3C1832A821777086004DAC29 /* WKWebView案例Tests */,
				3C1832B321777086004DAC29 /* WKWebView案例UITests */,
				3C18329221777085004DAC29 /* Products */,
			);
			sourceTree = "<group>";
		};
		3C18329221777085004DAC29 /* Products */ = {
			isa = PBXGroup;
			children = (
				3C18329121777085004DAC29 /* WKWebView案例.app */,
				3C1832A521777086004DAC29 /* WKWebView案例Tests.xctest */,
				3C1832B021777086004DAC29 /* WKWebView案例UITests.xctest */,
			);
			name = Products;
			sourceTree = "<group>";
		};
		3C18329321777085004DAC29 /* WKWebView案例 */ = {
			isa = PBXGroup;
			children = (
				3C1832C221777263004DAC29 /* localWeb */,
				3C18329421777085004DAC29 /* AppDelegate.swift */,
				3C18329621777085004DAC29 /* ViewController.swift */,
				3C18329821777085004DAC29 /* Main.storyboard */,
				3C18329B21777086004DAC29 /* Assets.xcassets */,
				3C18329D21777086004DAC29 /* LaunchScreen.storyboard */,
				3C1832A021777086004DAC29 /* Info.plist */,
			);
			path = "WKWebView案例";
			sourceTree = "<group>";
		};
		3C1832A821777086004DAC29 /* WKWebView案例Tests */ = {
			isa = PBXGroup;
			children = (
				3C1832A921777086004DAC29 /* WKWebView__Tests.swift */,
				3C1832AB21777086004DAC29 /* Info.plist */,
			);
			path = "WKWebView案例Tests";
			sourceTree = "<group>";
		};
		3C1832B321777086004DAC29 /* WKWebView案例UITests */ = {
			isa = PBXGroup;
			children = (
				3C1832B421777086004DAC29 /* WKWebView__UITests.swift */,
				3C1832B621777086004DAC29 /* Info.plist */,
			);
			path = "WKWebView案例UITests";
			sourceTree = "<group>";
		};
		3C1832C221777263004DAC29 /* localWeb */ = {
			isa = PBXGroup;
			children = (
				3C1832C321777263004DAC29 /* sample.html */,
			);
			path = localWeb;
			sourceTree = "<group>";
		};
/* End PBXGroup section */

/* Begin PBXNativeTarget section */
		3C18329021777085004DAC29 /* WKWebView案例 */ = {
			isa = PBXNativeTarget;
			buildConfigurationList = 3C1832B921777086004DAC29 /* Build configuration list for PBXNativeTarget "WKWebView案例" */;
			buildPhases = (
				3C18328D21777085004DAC29 /* Sources */,
				3C18328E21777085004DAC29 /* Frameworks */,
				3C18328F21777085004DAC29 /* Resources */,
			);
			buildRules = (
			);
			dependencies = (
			);
			name = "WKWebView案例";
			productName = "WKWebView案例";
			productReference = 3C18329121777085004DAC29 /* WKWebView案例.app */;
			productType = "com.apple.product-type.application";
		};
		3C1832A421777086004DAC29 /* WKWebView案例Tests */ = {
			isa = PBXNativeTarget;
			buildConfigurationList = 3C1832BC21777086004DAC29 /* Build configuration list for PBXNativeTarget "WKWebView案例Tests" */;
			buildPhases = (
				3C1832A121777086004DAC29 /* Sources */,
				3C1832A221777086004DAC29 /* Frameworks */,
				3C1832A321777086004DAC29 /* Resources */,
			);
			buildRules = (
			);
			dependencies = (
				3C1832A721777086004DAC29 /* PBXTargetDependency */,
			);
			name = "WKWebView案例Tests";
			productName = "WKWebView案例Tests";
			productReference = 3C1832A521777086004DAC29 /* WKWebView案例Tests.xctest */;
			productType = "com.apple.product-type.bundle.unit-test";
		};
		3C1832AF21777086004DAC29 /* WKWebView案例UITests */ = {
			isa = PBXNativeTarget;
			buildConfigurationList = 3C1832BF21777086004DAC29 /* Build configuration list for PBXNativeTarget "WKWebView案例UITests" */;
			buildPhases = (
				3C1832AC21777086004DAC29 /* Sources */,
				3C1832AD21777086004DAC29 /* Frameworks */,
				3C1832AE21777086004DAC29 /* Resources */,
			);
			buildRules = (
			);
			dependencies = (
				3C1832B221777086004DAC29 /* PBXTargetDependency */,
			);
			name = "WKWebView案例UITests";
			productName = "WKWebView案例UITests";
			productReference = 3C1832B021777086004DAC29 /* WKWebView案例UITests.xctest */;
			productType = "com.apple.product-type.bundle.ui-testing";
		};
/* End PBXNativeTarget section */

/* Begin PBXProject section */
		3C18328921777085004DAC29 /* Project object */ = {
			isa = PBXProject;
			attributes = {
				LastSwiftUpdateCheck = 1000;
				LastUpgradeCheck = 1000;
				ORGANIZATIONNAME = ABC;
				TargetAttributes = {
					3C18329021777085004DAC29 = {
						CreatedOnToolsVersion = 10.0;
					};
					3C1832A421777086004DAC29 = {
						CreatedOnToolsVersion = 10.0;
						TestTargetID = 3C18329021777085004DAC29;
					};
					3C1832AF21777086004DAC29 = {
						CreatedOnToolsVersion = 10.0;
						TestTargetID = 3C18329021777085004DAC29;
					};
				};
			};
			buildConfigurationList = 3C18328C21777085004DAC29 /* Build configuration list for PBXProject "WKWebView案例" */;
			compatibilityVersion = "Xcode 9.3";
			developmentRegion = en;
			hasScannedForEncodings = 0;
			knownRegions = (
				en,
				Base,
			);
			mainGroup = 3C18328821777085004DAC29;
			productRefGroup = 3C18329221777085004DAC29 /* Products */;
			projectDirPath = "";
			projectRoot = "";
			targets = (
				3C18329021777085004DAC29 /* WKWebView案例 */,
				3C1832A421777086004DAC29 /* WKWebView案例Tests */,
				3C1832AF21777086004DAC29 /* WKWebView案例UITests */,
			);
		};
/* End PBXProject section */

/* Begin PBXResourcesBuildPhase section */
		3C18328F21777085004DAC29 /* Resources */ = {
			isa = PBXResourcesBuildPhase;
			buildActionMask = 2147483647;
			files = (
				3C1832C421777264004DAC29 /* sample.html in Resources */,
				3C18329F21777086004DAC29 /* LaunchScreen.storyboard in Resources */,
				3C18329C21777086004DAC29 /* Assets.xcassets in Resources */,
				3C18329A21777085004DAC29 /* Main.storyboard in Resources */,
			);
			runOnlyForDeploymentPostprocessing = 0;
		};
		3C1832A321777086004DAC29 /* Resources */ = {
			isa = PBXResourcesBuildPhase;
			buildActionMask = 2147483647;
			files = (
			);
			runOnlyForDeploymentPostprocessing = 0;
		};
		3C1832AE21777086004DAC29 /* Resources */ = {
			isa = PBXResourcesBuildPhase;
			buildActionMask = 2147483647;
			files = (
			);
			runOnlyForDeploymentPostprocessing = 0;
		};
/* End PBXResourcesBuildPhase section */

/* Begin PBXSourcesBuildPhase section */
		3C18328D21777085004DAC29 /* Sources */ = {
			isa = PBXSourcesBuildPhase;
			buildActionMask = 2147483647;
			files = (
				3C18329721777085004DAC29 /* ViewController.swift in Sources */,
				3C18329521777085004DAC29 /* AppDelegate.swift in Sources */,
			);
			runOnlyForDeploymentPostprocessing = 0;
		};
		3C1832A121777086004DAC29 /* Sources */ = {
			isa = PBXSourcesBuildPhase;
			buildActionMask = 2147483647;
			files = (
				3C1832AA21777086004DAC29 /* WKWebView__Tests.swift in Sources */,
			);
			runOnlyForDeploymentPostprocessing = 0;
		};
		3C1832AC21777086004DAC29 /* Sources */ = {
			isa = PBXSourcesBuildPhase;
			buildActionMask = 2147483647;
			files = (
				3C1832B521777086004DAC29 /* WKWebView__UITests.swift in Sources */,
			);
			runOnlyForDeploymentPostprocessing = 0;
		};
/* End PBXSourcesBuildPhase section */

/* Begin PBXTargetDependency section */
		3C1832A721777086004DAC29 /* PBXTargetDependency */ = {
			isa = PBXTargetDependency;
			target = 3C18329021777085004DAC29 /* WKWebView案例 */;
			targetProxy = 3C1832A621777086004DAC29 /* PBXContainerItemProxy */;
		};
		3C1832B221777086004DAC29 /* PBXTargetDependency */ = {
			isa = PBXTargetDependency;
			target = 3C18329021777085004DAC29 /* WKWebView案例 */;
			targetProxy = 3C1832B121777086004DAC29 /* PBXContainerItemProxy */;
		};
/* End PBXTargetDependency section */

/* Begin PBXVariantGroup section */
		3C18329821777085004DAC29 /* Main.storyboard */ = {
			isa = PBXVariantGroup;
			children = (
				3C18329921777085004DAC29 /* Base */,
			);
			name = Main.storyboard;
			sourceTree = "<group>";
		};
		3C18329D21777086004DAC29 /* LaunchScreen.storyboard */ = {
			isa = PBXVariantGroup;
			children = (
				3C18329E21777086004DAC29 /* Base */,
			);
			name = LaunchScreen.storyboard;
			sourceTree = "<group>";
		};
/* End PBXVariantGroup section */

/* Begin XCBuildConfiguration section */
		3C1832B721777086004DAC29 /* Debug */ = {
			isa = XCBuildConfiguration;
			buildSettings = {
				ALWAYS_SEARCH_USER_PATHS = NO;
				CLANG_ANALYZER_NONNULL = YES;
				CLANG_ANALYZER_NUMBER_OBJECT_CONVERSION = YES_AGGRESSIVE;
				CLANG_CXX_LANGUAGE_STANDARD = "gnu++14";
				CLANG_CXX_LIBRARY = "libc++";
				CLANG_ENABLE_MODULES = YES;
				CLANG_ENABLE_OBJC_ARC = YES;
				CLANG_ENABLE_OBJC_WEAK = YES;
				CLANG_WARN_BLOCK_CAPTURE_AUTORELEASING = YES;
				CLANG_WARN_BOOL_CONVERSION = YES;
				CLANG_WARN_COMMA = YES;
				CLANG_WARN_CONSTANT_CONVERSION = YES;
				CLANG_WARN_DEPRECATED_OBJC_IMPLEMENTATIONS = YES;
				CLANG_WARN_DIRECT_OBJC_ISA_USAGE = YES_ERROR;
				CLANG_WARN_DOCUMENTATION_COMMENTS = YES;
				CLANG_WARN_EMPTY_BODY = YES;
				CLANG_WARN_ENUM_CONVERSION = YES;
				CLANG_WARN_INFINITE_RECURSION = YES;
				CLANG_WARN_INT_CONVERSION = YES;
				CLANG_WARN_NON_LITERAL_NULL_CONVERSION = YES;
				CLANG_WARN_OBJC_IMPLICIT_RETAIN_SELF = YES;
				CLANG_WARN_OBJC_LITERAL_CONVERSION = YES;
				CLANG_WARN_OBJC_ROOT_CLASS = YES_ERROR;
				CLANG_WARN_RANGE_LOOP_ANALYSIS = YES;
				CLANG_WARN_STRICT_PROTOTYPES = YES;
				CLANG_WARN_SUSPICIOUS_MOVE = YES;
				CLANG_WARN_UNGUARDED_AVAILABILITY = YES_AGGRESSIVE;
				CLANG_WARN_UNREACHABLE_CODE = YES;
				CLANG_WARN__DUPLICATE_METHOD_MATCH = YES;
				CODE_SIGN_IDENTITY = "iPhone Developer";
				COPY_PHASE_STRIP = NO;
				DEBUG_INFORMATION_FORMAT = dwarf;
				ENABLE_STRICT_OBJC_MSGSEND = YES;
				ENABLE_TESTABILITY = YES;
				GCC_C_LANGUAGE_STANDARD = gnu11;
				GCC_DYNAMIC_NO_PIC = NO;
				GCC_NO_COMMON_BLOCKS = YES;
				GCC_OPTIMIZATION_LEVEL = 0;
				GCC_PREPROCESSOR_DEFINITIONS = (
					"DEBUG=1",
					"$(inherited)",
				);
				GCC_WARN_64_TO_32_BIT_CONVERSION = YES;
				GCC_WARN_ABOUT_RETURN_TYPE = YES_ERROR;
				GCC_WARN_UNDECLARED_SELECTOR = YES;
				GCC_WARN_UNINITIALIZED_AUTOS = YES_AGGRESSIVE;
				GCC_WARN_UNUSED_FUNCTION = YES;
				GCC_WARN_UNUSED_VARIABLE = YES;
				IPHONEOS_DEPLOYMENT_TARGET = 12.0;
				MTL_ENABLE_DEBUG_INFO = INCLUDE_SOURCE;
				MTL_FAST_MATH = YES;
				ONLY_ACTIVE_ARCH = YES;
				SDKROOT = iphoneos;
				SWIFT_ACTIVE_COMPILATION_CONDITIONS = DEBUG;
				SWIFT_OPTIMIZATION_LEVEL = "-Onone";
			};
			name = Debug;
		};
		3C1832B821777086004DAC29 /* Release */ = {
			isa = XCBuildConfiguration;
			buildSettings = {
				ALWAYS_SEARCH_USER_PATHS = NO;
				CLANG_ANALYZER_NONNULL = YES;
				CLANG_ANALYZER_NUMBER_OBJECT_CONVERSION = YES_AGGRESSIVE;
				CLANG_CXX_LANGUAGE_STANDARD = "gnu++14";
				CLANG_CXX_LIBRARY = "libc++";
				CLANG_ENABLE_MODULES = YES;
				CLANG_ENABLE_OBJC_ARC = YES;
				CLANG_ENABLE_OBJC_WEAK = YES;
				CLANG_WARN_BLOCK_CAPTURE_AUTORELEASING = YES;
				CLANG_WARN_BOOL_CONVERSION = YES;
				CLANG_WARN_COMMA = YES;
				CLANG_WARN_CONSTANT_CONVERSION = YES;
				CLANG_WARN_DEPRECATED_OBJC_IMPLEMENTATIONS = YES;
				CLANG_WARN_DIRECT_OBJC_ISA_USAGE = YES_ERROR;
				CLANG_WARN_DOCUMENTATION_COMMENTS = YES;
				CLANG_WARN_EMPTY_BODY = YES;
				CLANG_WARN_ENUM_CONVERSION = YES;
				CLANG_WARN_INFINITE_RECURSION = YES;
				CLANG_WARN_INT_CONVERSION = YES;
				CLANG_WARN_NON_LITERAL_NULL_CONVERSION = YES;
				CLANG_WARN_OBJC_IMPLICIT_RETAIN_SELF = YES;
				CLANG_WARN_OBJC_LITERAL_CONVERSION = YES;
				CLANG_WARN_OBJC_ROOT_CLASS = YES_ERROR;
				CLANG_WARN_RANGE_LOOP_ANALYSIS = YES;
				CLANG_WARN_STRICT_PROTOTYPES = YES;
				CLANG_WARN_SUSPICIOUS_MOVE = YES;
				CLANG_WARN_UNGUARDED_AVAILABILITY = YES_AGGRESSIVE;
				CLANG_WARN_UNREACHABLE_CODE = YES;
				CLANG_WARN__DUPLICATE_METHOD_MATCH = YES;
				CODE_SIGN_IDENTITY = "iPhone Developer";
				COPY_PHASE_STRIP = NO;
				DEBUG_INFORMATION_FORMAT = "dwarf-with-dsym";
				ENABLE_NS_ASSERTIONS = NO;
				ENABLE_STRICT_OBJC_MSGSEND = YES;
				GCC_C_LANGUAGE_STANDARD = gnu11;
				GCC_NO_COMMON_BLOCKS = YES;
				GCC_WARN_64_TO_32_BIT_CONVERSION = YES;
				GCC_WARN_ABOUT_RETURN_TYPE = YES_ERROR;
				GCC_WARN_UNDECLARED_SELECTOR = YES;
				GCC_WARN_UNINITIALIZED_AUTOS = YES_AGGRESSIVE;
				GCC_WARN_UNUSED_FUNCTION = YES;
				GCC_WARN_UNUSED_VARIABLE = YES;
				IPHONEOS_DEPLOYMENT_TARGET = 12.0;
				MTL_ENABLE_DEBUG_INFO = NO;
				MTL_FAST_MATH = YES;
				SDKROOT = iphoneos;
				SWIFT_COMPILATION_MODE = wholemodule;
				SWIFT_OPTIMIZATION_LEVEL = "-O";
				VALIDATE_PRODUCT = YES;
			};
			name = Release;
		};
		3C1832BA21777086004DAC29 /* Debug */ = {
			isa = XCBuildConfiguration;
			buildSettings = {
				ASSETCATALOG_COMPILER_APPICON_NAME = AppIcon;
				CODE_SIGN_STYLE = Automatic;
				INFOPLIST_FILE = "WKWebView案例/Info.plist";
				LD_RUNPATH_SEARCH_PATHS = (
					"$(inherited)",
					"@executable_path/Frameworks",
				);
				PRODUCT_BUNDLE_IDENTIFIER = "com.yungfan.WKWebView--";
				PRODUCT_NAME = "$(TARGET_NAME)";
				SWIFT_VERSION = 5.0;
				TARGETED_DEVICE_FAMILY = "1,2";
			};
			name = Debug;
		};
		3C1832BB21777086004DAC29 /* Release */ = {
			isa = XCBuildConfiguration;
			buildSettings = {
				ASSETCATALOG_COMPILER_APPICON_NAME = AppIcon;
				CODE_SIGN_STYLE = Automatic;
				INFOPLIST_FILE = "WKWebView案例/Info.plist";
				LD_RUNPATH_SEARCH_PATHS = (
					"$(inherited)",
					"@executable_path/Frameworks",
				);
				PRODUCT_BUNDLE_IDENTIFIER = "com.yungfan.WKWebView--";
				PRODUCT_NAME = "$(TARGET_NAME)";
				SWIFT_VERSION = 5.0;
				TARGETED_DEVICE_FAMILY = "1,2";
			};
			name = Release;
		};
		3C1832BD21777086004DAC29 /* Debug */ = {
			isa = XCBuildConfiguration;
			buildSettings = {
				ALWAYS_EMBED_SWIFT_STANDARD_LIBRARIES = YES;
				BUNDLE_LOADER = "$(TEST_HOST)";
				CODE_SIGN_STYLE = Automatic;
				INFOPLIST_FILE = "WKWebView案例Tests/Info.plist";
				LD_RUNPATH_SEARCH_PATHS = (
					"$(inherited)",
					"@executable_path/Frameworks",
					"@loader_path/Frameworks",
				);
				PRODUCT_BUNDLE_IDENTIFIER = "com.yungfan.WKWebView--Tests";
				PRODUCT_NAME = "$(TARGET_NAME)";
				SWIFT_VERSION = 4.2;
				TARGETED_DEVICE_FAMILY = "1,2";
				TEST_HOST = "$(BUILT_PRODUCTS_DIR)/WKWebView案例.app/WKWebView案例";
			};
			name = Debug;
		};
		3C1832BE21777086004DAC29 /* Release */ = {
			isa = XCBuildConfiguration;
			buildSettings = {
				ALWAYS_EMBED_SWIFT_STANDARD_LIBRARIES = YES;
				BUNDLE_LOADER = "$(TEST_HOST)";
				CODE_SIGN_STYLE = Automatic;
				INFOPLIST_FILE = "WKWebView案例Tests/Info.plist";
				LD_RUNPATH_SEARCH_PATHS = (
					"$(inherited)",
					"@executable_path/Frameworks",
					"@loader_path/Frameworks",
				);
				PRODUCT_BUNDLE_IDENTIFIER = "com.yungfan.WKWebView--Tests";
				PRODUCT_NAME = "$(TARGET_NAME)";
				SWIFT_VERSION = 4.2;
				TARGETED_DEVICE_FAMILY = "1,2";
				TEST_HOST = "$(BUILT_PRODUCTS_DIR)/WKWebView案例.app/WKWebView案例";
			};
			name = Release;
		};
		3C1832C021777086004DAC29 /* Debug */ = {
			isa = XCBuildConfiguration;
			buildSettings = {
				ALWAYS_EMBED_SWIFT_STANDARD_LIBRARIES = YES;
				CODE_SIGN_STYLE = Automatic;
				INFOPLIST_FILE = "WKWebView案例UITests/Info.plist";
				LD_RUNPATH_SEARCH_PATHS = (
					"$(inherited)",
					"@executable_path/Frameworks",
					"@loader_path/Frameworks",
				);
				PRODUCT_BUNDLE_IDENTIFIER = "com.yungfan.WKWebView--UITests";
				PRODUCT_NAME = "$(TARGET_NAME)";
				SWIFT_VERSION = 4.2;
				TARGETED_DEVICE_FAMILY = "1,2";
				TEST_TARGET_NAME = "WKWebView案例";
			};
			name = Debug;
		};
		3C1832C121777086004DAC29 /* Release */ = {
			isa = XCBuildConfiguration;
			buildSettings = {
				ALWAYS_EMBED_SWIFT_STANDARD_LIBRARIES = YES;
				CODE_SIGN_STYLE = Automatic;
				INFOPLIST_FILE = "WKWebView案例UITests/Info.plist";
				LD_RUNPATH_SEARCH_PATHS = (
					"$(inherited)",
					"@executable_path/Frameworks",
					"@loader_path/Frameworks",
				);
				PRODUCT_BUNDLE_IDENTIFIER = "com.yungfan.WKWebView--UITests";
				PRODUCT_NAME = "$(TARGET_NAME)";
				SWIFT_VERSION = 4.2;
				TARGETED_DEVICE_FAMILY = "1,2";
				TEST_TARGET_NAME = "WKWebView案例";
			};
			name = Release;
		};
/* End XCBuildConfiguration section */

/* Begin XCConfigurationList section */
		3C18328C21777085004DAC29 /* Build configuration list for PBXProject "WKWebView案例" */ = {
			isa = XCConfigurationList;
			buildConfigurations = (
				3C1832B721777086004DAC29 /* Debug */,
				3C1832B821777086004DAC29 /* Release */,
			);
			defaultConfigurationIsVisible = 0;
			defaultConfigurationName = Release;
		};
		3C1832B921777086004DAC29 /* Build configuration list for PBXNativeTarget "WKWebView案例" */ = {
			isa = XCConfigurationList;
			buildConfigurations = (
				3C1832BA21777086004DAC29 /* Debug */,
				3C1832BB21777086004DAC29 /* Release */,
			);
			defaultConfigurationIsVisible = 0;
			defaultConfigurationName = Release;
		};
		3C1832BC21777086004DAC29 /* Build configuration list for PBXNativeTarget "WKWebView案例Tests" */ = {
			isa = XCConfigurationList;
			buildConfigurations = (
				3C1832BD21777086004DAC29 /* Debug */,
				3C1832BE21777086004DAC29 /* Release */,
			);
			defaultConfigurationIsVisible = 0;
			defaultConfigurationName = Release;
		};
		3C1832BF21777086004DAC29 /* Build configuration list for PBXNativeTarget "WKWebView案例UITests" */ = {
			isa = XCConfigurationList;
			buildConfigurations = (
				3C1832C021777086004DAC29 /* Debug */,
				3C1832C121777086004DAC29 /* Release */,
			);
			defaultConfigurationIsVisible = 0;
			defaultConfigurationName = Release;
		};
/* End XCConfigurationList section */
	};
	rootObject = 3C18328921777085004DAC29 /* Project object */;
}
