<?xml version="1.0" encoding="UTF-8"?>
<Scheme
   LastUpgradeVersion = "1000"
   version = "1.7">
   <BuildAction
      parallelizeBuildables = "YES"
      buildImplicitDependencies = "YES">
      <BuildActionEntries>
         <BuildActionEntry
            buildForTesting = "YES"
            buildForRunning = "YES"
            buildForProfiling = "YES"
            buildForArchiving = "YES"
            buildForAnalyzing = "YES">
            <BuildableReference
               BuildableIdentifier = "primary"
               BlueprintIdentifier = "ADC1CD5821EC704000ED3490"
               BuildableName = "&#x5730;&#x56fe;&#x7684;&#x57fa;&#x672c;&#x4f7f;&#x7528;.app"
               BlueprintName = "&#x5730;&#x56fe;&#x7684;&#x57fa;&#x672c;&#x4f7f;&#x7528;"
               ReferencedContainer = "container:&#x5730;&#x56fe;&#x7684;&#x57fa;&#x672c;&#x4f7f;&#x7528;.xcodeproj">
            </BuildableReference>
         </BuildActionEntry>
      </BuildActionEntries>
   </BuildAction>
   <TestAction
      buildConfiguration = "Debug"
      selectedDebuggerIdentifier = "Xcode.DebuggerFoundation.Debugger.LLDB"
      selectedLauncherIdentifier = "Xcode.DebuggerFoundation.Launcher.LLDB"
      shouldUseLaunchSchemeArgsEnv = "YES">
      <Testables>
         <TestableReference
            skipped = "NO">
            <BuildableReference
               BuildableIdentifier = "primary"
               BlueprintIdentifier = "ADC1CD6C21EC704200ED3490"
               BuildableName = "&#x5730;&#x56fe;&#x7684;&#x57fa;&#x672c;&#x4f7f;&#x7528;Tests.xctest"
               BlueprintName = "&#x5730;&#x56fe;&#x7684;&#x57fa;&#x672c;&#x4f7f;&#x7528;Tests"
               ReferencedContainer = "container:&#x5730;&#x56fe;&#x7684;&#x57fa;&#x672c;&#x4f7f;&#x7528;.xcodeproj">
            </BuildableReference>
         </TestableReference>
         <TestableReference
            skipped = "NO">
            <BuildableReference
               BuildableIdentifier = "primary"
               BlueprintIdentifier = "ADC1CD7721EC704200ED3490"
               BuildableName = "&#x5730;&#x56fe;&#x7684;&#x57fa;&#x672c;&#x4f7f;&#x7528;UITests.xctest"
               BlueprintName = "&#x5730;&#x56fe;&#x7684;&#x57fa;&#x672c;&#x4f7f;&#x7528;UITests"
               ReferencedContainer = "container:&#x5730;&#x56fe;&#x7684;&#x57fa;&#x672c;&#x4f7f;&#x7528;.xcodeproj">
            </BuildableReference>
         </TestableReference>
      </Testables>
      <MacroExpansion>
         <BuildableReference
            BuildableIdentifier = "primary"
            BlueprintIdentifier = "ADC1CD5821EC704000ED3490"
            BuildableName = "&#x5730;&#x56fe;&#x7684;&#x57fa;&#x672c;&#x4f7f;&#x7528;.app"
            BlueprintName = "&#x5730;&#x56fe;&#x7684;&#x57fa;&#x672c;&#x4f7f;&#x7528;"
            ReferencedContainer = "container:&#x5730;&#x56fe;&#x7684;&#x57fa;&#x672c;&#x4f7f;&#x7528;.xcodeproj">
         </BuildableReference>
      </MacroExpansion>
      <AdditionalOptions>
      </AdditionalOptions>
   </TestAction>
   <LaunchAction
      buildConfiguration = "Debug"
      selectedDebuggerIdentifier = "Xcode.DebuggerFoundation.Debugger.LLDB"
      selectedLauncherIdentifier = "Xcode.DebuggerFoundation.Launcher.LLDB"
      launchStyle = "0"
      useCustomWorkingDirectory = "NO"
      ignoresPersistentStateOnLaunch = "NO"
      debugDocumentVersioning = "YES"
      debugServiceExtension = "internal"
      allowLocationSimulation = "YES">
      <BuildableProductRunnable
         runnableDebuggingMode = "0">
         <BuildableReference
            BuildableIdentifier = "primary"
            BlueprintIdentifier = "ADC1CD5821EC704000ED3490"
            BuildableName = "&#x5730;&#x56fe;&#x7684;&#x57fa;&#x672c;&#x4f7f;&#x7528;.app"
            BlueprintName = "&#x5730;&#x56fe;&#x7684;&#x57fa;&#x672c;&#x4f7f;&#x7528;"
            ReferencedContainer = "container:&#x5730;&#x56fe;&#x7684;&#x57fa;&#x672c;&#x4f7f;&#x7528;.xcodeproj">
         </BuildableReference>
      </BuildableProductRunnable>
      <AdditionalOptions>
      </AdditionalOptions>
      <LocationScenarioReference
         identifier = "../../../&#x5b9a;&#x4f4d;/&#x5b9a;&#x4f4d;/abc.edu.gpx"
         referenceType = "0">
      </LocationScenarioReference>
   </LaunchAction>
   <ProfileAction
      buildConfiguration = "Release"
      shouldUseLaunchSchemeArgsEnv = "YES"
      savedToolIdentifier = ""
      useCustomWorkingDirectory = "NO"
      debugDocumentVersioning = "YES">
      <BuildableProductRunnable
         runnableDebuggingMode = "0">
         <BuildableReference
            BuildableIdentifier = "primary"
            BlueprintIdentifier = "ADC1CD5821EC704000ED3490"
            BuildableName = "&#x5730;&#x56fe;&#x7684;&#x57fa;&#x672c;&#x4f7f;&#x7528;.app"
            BlueprintName = "&#x5730;&#x56fe;&#x7684;&#x57fa;&#x672c;&#x4f7f;&#x7528;"
            ReferencedContainer = "container:&#x5730;&#x56fe;&#x7684;&#x57fa;&#x672c;&#x4f7f;&#x7528;.xcodeproj">
         </BuildableReference>
      </BuildableProductRunnable>
   </ProfileAction>
   <AnalyzeAction
      buildConfiguration = "Debug">
   </AnalyzeAction>
   <ArchiveAction
      buildConfiguration = "Release"
      revealArchiveInOrganizer = "YES">
   </ArchiveAction>
</Scheme>
