// !$*UTF8*$!
{
	archiveVersion = 1;
	classes = {
	};
	objectVersion = 50;
	objects = {

/* Begin PBXBuildFile section */
		3CCA60E42216E31C0024A69E /* AppDelegate.swift in Sources */ = {isa = PBXBuildFile; fileRef = 3CCA60E32216E31C0024A69E /* AppDelegate.swift */; };
		3CCA60E62216E31C0024A69E /* ViewController.swift in Sources */ = {isa = PBXBuildFile; fileRef = 3CCA60E52216E31C0024A69E /* ViewController.swift */; };
		3CCA60E92216E31C0024A69E /* Main.storyboard in Resources */ = {isa = PBXBuildFile; fileRef = 3CCA60E72216E31C0024A69E /* Main.storyboard */; };
		3CCA60EB2216E31D0024A69E /* Assets.xcassets in Resources */ = {isa = PBXBuildFile; fileRef = 3CCA60EA2216E31D0024A69E /* Assets.xcassets */; };
		3CCA60EE2216E31D0024A69E /* LaunchScreen.storyboard in Resources */ = {isa = PBXBuildFile; fileRef = 3CCA60EC2216E31D0024A69E /* LaunchScreen.storyboard */; };
		3CCA60F92216E31D0024A69E /* _DTouchTests.swift in Sources */ = {isa = PBXBuildFile; fileRef = 3CCA60F82216E31D0024A69E /* _DTouchTests.swift */; };
		3CCA61042216E31D0024A69E /* _DTouchUITests.swift in Sources */ = {isa = PBXBuildFile; fileRef = 3CCA61032216E31D0024A69E /* _DTouchUITests.swift */; };
/* End PBXBuildFile section */

/* Begin PBXContainerItemProxy section */
		3CCA60F52216E31D0024A69E /* PBXContainerItemProxy */ = {
			isa = PBXContainerItemProxy;
			containerPortal = 3CCA60D82216E31C0024A69E /* Project object */;
			proxyType = 1;
			remoteGlobalIDString = 3CCA60DF2216E31C0024A69E;
			remoteInfo = 3DTouch;
		};
		3CCA61002216E31D0024A69E /* PBXContainerItemProxy */ = {
			isa = PBXContainerItemProxy;
			containerPortal = 3CCA60D82216E31C0024A69E /* Project object */;
			proxyType = 1;
			remoteGlobalIDString = 3CCA60DF2216E31C0024A69E;
			remoteInfo = 3DTouch;
		};
/* End PBXContainerItemProxy section */

/* Begin PBXFileReference section */
		3CCA60E02216E31C0024A69E /* 3DTouch.app */ = {isa = PBXFileReference; explicitFileType = wrapper.application; includeInIndex = 0; path = 3DTouch.app; sourceTree = BUILT_PRODUCTS_DIR; };
		3CCA60E32216E31C0024A69E /* AppDelegate.swift */ = {isa = PBXFileReference; lastKnownFileType = sourcecode.swift; path = AppDelegate.swift; sourceTree = "<group>"; };
		3CCA60E52216E31C0024A69E /* ViewController.swift */ = {isa = PBXFileReference; lastKnownFileType = sourcecode.swift; path = ViewController.swift; sourceTree = "<group>"; };
		3CCA60E82216E31C0024A69E /* Base */ = {isa = PBXFileReference; lastKnownFileType = file.storyboard; name = Base; path = Base.lproj/Main.storyboard; sourceTree = "<group>"; };
		3CCA60EA2216E31D0024A69E /* Assets.xcassets */ = {isa = PBXFileReference; lastKnownFileType = folder.assetcatalog; path = Assets.xcassets; sourceTree = "<group>"; };
		3CCA60ED2216E31D0024A69E /* Base */ = {isa = PBXFileReference; lastKnownFileType = file.storyboard; name = Base; path = Base.lproj/LaunchScreen.storyboard; sourceTree = "<group>"; };
		3CCA60EF2216E31D0024A69E /* Info.plist */ = {isa = PBXFileReference; lastKnownFileType = text.plist.xml; path = Info.plist; sourceTree = "<group>"; };
		3CCA60F42216E31D0024A69E /* 3DTouchTests.xctest */ = {isa = PBXFileReference; explicitFileType = wrapper.cfbundle; includeInIndex = 0; path = 3DTouchTests.xctest; sourceTree = BUILT_PRODUCTS_DIR; };
		3CCA60F82216E31D0024A69E /* _DTouchTests.swift */ = {isa = PBXFileReference; lastKnownFileType = sourcecode.swift; path = _DTouchTests.swift; sourceTree = "<group>"; };
		3CCA60FA2216E31D0024A69E /* Info.plist */ = {isa = PBXFileReference; lastKnownFileType = text.plist.xml; path = Info.plist; sourceTree = "<group>"; };
		3CCA60FF2216E31D0024A69E /* 3DTouchUITests.xctest */ = {isa = PBXFileReference; explicitFileType = wrapper.cfbundle; includeInIndex = 0; path = 3DTouchUITests.xctest; sourceTree = BUILT_PRODUCTS_DIR; };
		3CCA61032216E31D0024A69E /* _DTouchUITests.swift */ = {isa = PBXFileReference; lastKnownFileType = sourcecode.swift; path = _DTouchUITests.swift; sourceTree = "<group>"; };
		3CCA61052216E31D0024A69E /* Info.plist */ = {isa = PBXFileReference; lastKnownFileType = text.plist.xml; path = Info.plist; sourceTree = "<group>"; };
/* End PBXFileReference section */

/* Begin PBXFrameworksBuildPhase section */
		3CCA60DD2216E31C0024A69E /* Frameworks */ = {
			isa = PBXFrameworksBuildPhase;
			buildActionMask = 2147483647;
			files = (
			);
			runOnlyForDeploymentPostprocessing = 0;
		};
		3CCA60F12216E31D0024A69E /* Frameworks */ = {
			isa = PBXFrameworksBuildPhase;
			buildActionMask = 2147483647;
			files = (
			);
			runOnlyForDeploymentPostprocessing = 0;
		};
		3CCA60FC2216E31D0024A69E /* Frameworks */ = {
			isa = PBXFrameworksBuildPhase;
			buildActionMask = 2147483647;
			files = (
			);
			runOnlyForDeploymentPostprocessing = 0;
		};
/* End PBXFrameworksBuildPhase section */

/* Begin PBXGroup section */
		3CCA60D72216E31C0024A69E = {
			isa = PBXGroup;
			children = (
				3CCA60E22216E31C0024A69E /* 3DTouch */,
				3CCA60F72216E31D0024A69E /* 3DTouchTests */,
				3CCA61022216E31D0024A69E /* 3DTouchUITests */,
				3CCA60E12216E31C0024A69E /* Products */,
			);
			sourceTree = "<group>";
		};
		3CCA60E12216E31C0024A69E /* Products */ = {
			isa = PBXGroup;
			children = (
				3CCA60E02216E31C0024A69E /* 3DTouch.app */,
				3CCA60F42216E31D0024A69E /* 3DTouchTests.xctest */,
				3CCA60FF2216E31D0024A69E /* 3DTouchUITests.xctest */,
			);
			name = Products;
			sourceTree = "<group>";
		};
		3CCA60E22216E31C0024A69E /* 3DTouch */ = {
			isa = PBXGroup;
			children = (
				3CCA60E32216E31C0024A69E /* AppDelegate.swift */,
				3CCA60E52216E31C0024A69E /* ViewController.swift */,
				3CCA60E72216E31C0024A69E /* Main.storyboard */,
				3CCA60EA2216E31D0024A69E /* Assets.xcassets */,
				3CCA60EC2216E31D0024A69E /* LaunchScreen.storyboard */,
				3CCA60EF2216E31D0024A69E /* Info.plist */,
			);
			path = 3DTouch;
			sourceTree = "<group>";
		};
		3CCA60F72216E31D0024A69E /* 3DTouchTests */ = {
			isa = PBXGroup;
			children = (
				3CCA60F82216E31D0024A69E /* _DTouchTests.swift */,
				3CCA60FA2216E31D0024A69E /* Info.plist */,
			);
			path = 3DTouchTests;
			sourceTree = "<group>";
		};
		3CCA61022216E31D0024A69E /* 3DTouchUITests */ = {
			isa = PBXGroup;
			children = (
				3CCA61032216E31D0024A69E /* _DTouchUITests.swift */,
				3CCA61052216E31D0024A69E /* Info.plist */,
			);
			path = 3DTouchUITests;
			sourceTree = "<group>";
		};
/* End PBXGroup section */

/* Begin PBXNativeTarget section */
		3CCA60DF2216E31C0024A69E /* 3DTouch */ = {
			isa = PBXNativeTarget;
			buildConfigurationList = 3CCA61082216E31D0024A69E /* Build configuration list for PBXNativeTarget "3DTouch" */;
			buildPhases = (
				3CCA60DC2216E31C0024A69E /* Sources */,
				3CCA60DD2216E31C0024A69E /* Frameworks */,
				3CCA60DE2216E31C0024A69E /* Resources */,
			);
			buildRules = (
			);
			dependencies = (
			);
			name = 3DTouch;
			productName = 3DTouch;
			productReference = 3CCA60E02216E31C0024A69E /* 3DTouch.app */;
			productType = "com.apple.product-type.application";
		};
		3CCA60F32216E31D0024A69E /* 3DTouchTests */ = {
			isa = PBXNativeTarget;
			buildConfigurationList = 3CCA610B2216E31D0024A69E /* Build configuration list for PBXNativeTarget "3DTouchTests" */;
			buildPhases = (
				3CCA60F02216E31D0024A69E /* Sources */,
				3CCA60F12216E31D0024A69E /* Frameworks */,
				3CCA60F22216E31D0024A69E /* Resources */,
			);
			buildRules = (
			);
			dependencies = (
				3CCA60F62216E31D0024A69E /* PBXTargetDependency */,
			);
			name = 3DTouchTests;
			productName = 3DTouchTests;
			productReference = 3CCA60F42216E31D0024A69E /* 3DTouchTests.xctest */;
			productType = "com.apple.product-type.bundle.unit-test";
		};
		3CCA60FE2216E31D0024A69E /* 3DTouchUITests */ = {
			isa = PBXNativeTarget;
			buildConfigurationList = 3CCA610E2216E31D0024A69E /* Build configuration list for PBXNativeTarget "3DTouchUITests" */;
			buildPhases = (
				3CCA60FB2216E31D0024A69E /* Sources */,
				3CCA60FC2216E31D0024A69E /* Frameworks */,
				3CCA60FD2216E31D0024A69E /* Resources */,
			);
			buildRules = (
			);
			dependencies = (
				3CCA61012216E31D0024A69E /* PBXTargetDependency */,
			);
			name = 3DTouchUITests;
			productName = 3DTouchUITests;
			productReference = 3CCA60FF2216E31D0024A69E /* 3DTouchUITests.xctest */;
			productType = "com.apple.product-type.bundle.ui-testing";
		};
/* End PBXNativeTarget section */

/* Begin PBXProject section */
		3CCA60D82216E31C0024A69E /* Project object */ = {
			isa = PBXProject;
			attributes = {
				LastSwiftUpdateCheck = 1010;
				LastUpgradeCheck = 1010;
				ORGANIZATIONNAME = "杨帆";
				TargetAttributes = {
					3CCA60DF2216E31C0024A69E = {
						CreatedOnToolsVersion = 10.1;
					};
					3CCA60F32216E31D0024A69E = {
						CreatedOnToolsVersion = 10.1;
						TestTargetID = 3CCA60DF2216E31C0024A69E;
					};
					3CCA60FE2216E31D0024A69E = {
						CreatedOnToolsVersion = 10.1;
						TestTargetID = 3CCA60DF2216E31C0024A69E;
					};
				};
			};
			buildConfigurationList = 3CCA60DB2216E31C0024A69E /* Build configuration list for PBXProject "3DTouch" */;
			compatibilityVersion = "Xcode 9.3";
			developmentRegion = en;
			hasScannedForEncodings = 0;
			knownRegions = (
				en,
				Base,
			);
			mainGroup = 3CCA60D72216E31C0024A69E;
			productRefGroup = 3CCA60E12216E31C0024A69E /* Products */;
			projectDirPath = "";
			projectRoot = "";
			targets = (
				3CCA60DF2216E31C0024A69E /* 3DTouch */,
				3CCA60F32216E31D0024A69E /* 3DTouchTests */,
				3CCA60FE2216E31D0024A69E /* 3DTouchUITests */,
			);
		};
/* End PBXProject section */

/* Begin PBXResourcesBuildPhase section */
		3CCA60DE2216E31C0024A69E /* Resources */ = {
			isa = PBXResourcesBuildPhase;
			buildActionMask = 2147483647;
			files = (
				3CCA60EE2216E31D0024A69E /* LaunchScreen.storyboard in Resources */,
				3CCA60EB2216E31D0024A69E /* Assets.xcassets in Resources */,
				3CCA60E92216E31C0024A69E /* Main.storyboard in Resources */,
			);
			runOnlyForDeploymentPostprocessing = 0;
		};
		3CCA60F22216E31D0024A69E /* Resources */ = {
			isa = PBXResourcesBuildPhase;
			buildActionMask = 2147483647;
			files = (
			);
			runOnlyForDeploymentPostprocessing = 0;
		};
		3CCA60FD2216E31D0024A69E /* Resources */ = {
			isa = PBXResourcesBuildPhase;
			buildActionMask = 2147483647;
			files = (
			);
			runOnlyForDeploymentPostprocessing = 0;
		};
/* End PBXResourcesBuildPhase section */

/* Begin PBXSourcesBuildPhase section */
		3CCA60DC2216E31C0024A69E /* Sources */ = {
			isa = PBXSourcesBuildPhase;
			buildActionMask = 2147483647;
			files = (
				3CCA60E62216E31C0024A69E /* ViewController.swift in Sources */,
				3CCA60E42216E31C0024A69E /* AppDelegate.swift in Sources */,
			);
			runOnlyForDeploymentPostprocessing = 0;
		};
		3CCA60F02216E31D0024A69E /* Sources */ = {
			isa = PBXSourcesBuildPhase;
			buildActionMask = 2147483647;
			files = (
				3CCA60F92216E31D0024A69E /* _DTouchTests.swift in Sources */,
			);
			runOnlyForDeploymentPostprocessing = 0;
		};
		3CCA60FB2216E31D0024A69E /* Sources */ = {
			isa = PBXSourcesBuildPhase;
			buildActionMask = 2147483647;
			files = (
				3CCA61042216E31D0024A69E /* _DTouchUITests.swift in Sources */,
			);
			runOnlyForDeploymentPostprocessing = 0;
		};
/* End PBXSourcesBuildPhase section */

/* Begin PBXTargetDependency section */
		3CCA60F62216E31D0024A69E /* PBXTargetDependency */ = {
			isa = PBXTargetDependency;
			target = 3CCA60DF2216E31C0024A69E /* 3DTouch */;
			targetProxy = 3CCA60F52216E31D0024A69E /* PBXContainerItemProxy */;
		};
		3CCA61012216E31D0024A69E /* PBXTargetDependency */ = {
			isa = PBXTargetDependency;
			target = 3CCA60DF2216E31C0024A69E /* 3DTouch */;
			targetProxy = 3CCA61002216E31D0024A69E /* PBXContainerItemProxy */;
		};
/* End PBXTargetDependency section */

/* Begin PBXVariantGroup section */
		3CCA60E72216E31C0024A69E /* Main.storyboard */ = {
			isa = PBXVariantGroup;
			children = (
				3CCA60E82216E31C0024A69E /* Base */,
			);
			name = Main.storyboard;
			sourceTree = "<group>";
		};
		3CCA60EC2216E31D0024A69E /* LaunchScreen.storyboard */ = {
			isa = PBXVariantGroup;
			children = (
				3CCA60ED2216E31D0024A69E /* Base */,
			);
			name = LaunchScreen.storyboard;
			sourceTree = "<group>";
		};
/* End PBXVariantGroup section */

/* Begin XCBuildConfiguration section */
		3CCA61062216E31D0024A69E /* Debug */ = {
			isa = XCBuildConfiguration;
			buildSettings = {
				ALWAYS_SEARCH_USER_PATHS = NO;
				CLANG_ANALYZER_NONNULL = YES;
				CLANG_ANALYZER_NUMBER_OBJECT_CONVERSION = YES_AGGRESSIVE;
				CLANG_CXX_LANGUAGE_STANDARD = "gnu++14";
				CLANG_CXX_LIBRARY = "libc++";
				CLANG_ENABLE_MODULES = YES;
				CLANG_ENABLE_OBJC_ARC = YES;
				CLANG_ENABLE_OBJC_WEAK = YES;
				CLANG_WARN_BLOCK_CAPTURE_AUTORELEASING = YES;
				CLANG_WARN_BOOL_CONVERSION = YES;
				CLANG_WARN_COMMA = YES;
				CLANG_WARN_CONSTANT_CONVERSION = YES;
				CLANG_WARN_DEPRECATED_OBJC_IMPLEMENTATIONS = YES;
				CLANG_WARN_DIRECT_OBJC_ISA_USAGE = YES_ERROR;
				CLANG_WARN_DOCUMENTATION_COMMENTS = YES;
				CLANG_WARN_EMPTY_BODY = YES;
				CLANG_WARN_ENUM_CONVERSION = YES;
				CLANG_WARN_INFINITE_RECURSION = YES;
				CLANG_WARN_INT_CONVERSION = YES;
				CLANG_WARN_NON_LITERAL_NULL_CONVERSION = YES;
				CLANG_WARN_OBJC_IMPLICIT_RETAIN_SELF = YES;
				CLANG_WARN_OBJC_LITERAL_CONVERSION = YES;
				CLANG_WARN_OBJC_ROOT_CLASS = YES_ERROR;
				CLANG_WARN_RANGE_LOOP_ANALYSIS = YES;
				CLANG_WARN_STRICT_PROTOTYPES = YES;
				CLANG_WARN_SUSPICIOUS_MOVE = YES;
				CLANG_WARN_UNGUARDED_AVAILABILITY = YES_AGGRESSIVE;
				CLANG_WARN_UNREACHABLE_CODE = YES;
				CLANG_WARN__DUPLICATE_METHOD_MATCH = YES;
				CODE_SIGN_IDENTITY = "iPhone Developer";
				COPY_PHASE_STRIP = NO;
				DEBUG_INFORMATION_FORMAT = dwarf;
				ENABLE_STRICT_OBJC_MSGSEND = YES;
				ENABLE_TESTABILITY = YES;
				GCC_C_LANGUAGE_STANDARD = gnu11;
				GCC_DYNAMIC_NO_PIC = NO;
				GCC_NO_COMMON_BLOCKS = YES;
				GCC_OPTIMIZATION_LEVEL = 0;
				GCC_PREPROCESSOR_DEFINITIONS = (
					"DEBUG=1",
					"$(inherited)",
				);
				GCC_WARN_64_TO_32_BIT_CONVERSION = YES;
				GCC_WARN_ABOUT_RETURN_TYPE = YES_ERROR;
				GCC_WARN_UNDECLARED_SELECTOR = YES;
				GCC_WARN_UNINITIALIZED_AUTOS = YES_AGGRESSIVE;
				GCC_WARN_UNUSED_FUNCTION = YES;
				GCC_WARN_UNUSED_VARIABLE = YES;
				IPHONEOS_DEPLOYMENT_TARGET = 12.1;
				MTL_ENABLE_DEBUG_INFO = INCLUDE_SOURCE;
				MTL_FAST_MATH = YES;
				ONLY_ACTIVE_ARCH = YES;
				SDKROOT = iphoneos;
				SWIFT_ACTIVE_COMPILATION_CONDITIONS = DEBUG;
				SWIFT_OPTIMIZATION_LEVEL = "-Onone";
			};
			name = Debug;
		};
		3CCA61072216E31D0024A69E /* Release */ = {
			isa = XCBuildConfiguration;
			buildSettings = {
				ALWAYS_SEARCH_USER_PATHS = NO;
				CLANG_ANALYZER_NONNULL = YES;
				CLANG_ANALYZER_NUMBER_OBJECT_CONVERSION = YES_AGGRESSIVE;
				CLANG_CXX_LANGUAGE_STANDARD = "gnu++14";
				CLANG_CXX_LIBRARY = "libc++";
				CLANG_ENABLE_MODULES = YES;
				CLANG_ENABLE_OBJC_ARC = YES;
				CLANG_ENABLE_OBJC_WEAK = YES;
				CLANG_WARN_BLOCK_CAPTURE_AUTORELEASING = YES;
				CLANG_WARN_BOOL_CONVERSION = YES;
				CLANG_WARN_COMMA = YES;
				CLANG_WARN_CONSTANT_CONVERSION = YES;
				CLANG_WARN_DEPRECATED_OBJC_IMPLEMENTATIONS = YES;
				CLANG_WARN_DIRECT_OBJC_ISA_USAGE = YES_ERROR;
				CLANG_WARN_DOCUMENTATION_COMMENTS = YES;
				CLANG_WARN_EMPTY_BODY = YES;
				CLANG_WARN_ENUM_CONVERSION = YES;
				CLANG_WARN_INFINITE_RECURSION = YES;
				CLANG_WARN_INT_CONVERSION = YES;
				CLANG_WARN_NON_LITERAL_NULL_CONVERSION = YES;
				CLANG_WARN_OBJC_IMPLICIT_RETAIN_SELF = YES;
				CLANG_WARN_OBJC_LITERAL_CONVERSION = YES;
				CLANG_WARN_OBJC_ROOT_CLASS = YES_ERROR;
				CLANG_WARN_RANGE_LOOP_ANALYSIS = YES;
				CLANG_WARN_STRICT_PROTOTYPES = YES;
				CLANG_WARN_SUSPICIOUS_MOVE = YES;
				CLANG_WARN_UNGUARDED_AVAILABILITY = YES_AGGRESSIVE;
				CLANG_WARN_UNREACHABLE_CODE = YES;
				CLANG_WARN__DUPLICATE_METHOD_MATCH = YES;
				CODE_SIGN_IDENTITY = "iPhone Developer";
				COPY_PHASE_STRIP = NO;
				DEBUG_INFORMATION_FORMAT = "dwarf-with-dsym";
				ENABLE_NS_ASSERTIONS = NO;
				ENABLE_STRICT_OBJC_MSGSEND = YES;
				GCC_C_LANGUAGE_STANDARD = gnu11;
				GCC_NO_COMMON_BLOCKS = YES;
				GCC_WARN_64_TO_32_BIT_CONVERSION = YES;
				GCC_WARN_ABOUT_RETURN_TYPE = YES_ERROR;
				GCC_WARN_UNDECLARED_SELECTOR = YES;
				GCC_WARN_UNINITIALIZED_AUTOS = YES_AGGRESSIVE;
				GCC_WARN_UNUSED_FUNCTION = YES;
				GCC_WARN_UNUSED_VARIABLE = YES;
				IPHONEOS_DEPLOYMENT_TARGET = 12.1;
				MTL_ENABLE_DEBUG_INFO = NO;
				MTL_FAST_MATH = YES;
				SDKROOT = iphoneos;
				SWIFT_COMPILATION_MODE = wholemodule;
				SWIFT_OPTIMIZATION_LEVEL = "-O";
				VALIDATE_PRODUCT = YES;
			};
			name = Release;
		};
		3CCA61092216E31D0024A69E /* Debug */ = {
			isa = XCBuildConfiguration;
			buildSettings = {
				ASSETCATALOG_COMPILER_APPICON_NAME = AppIcon;
				CODE_SIGN_STYLE = Automatic;
				DEVELOPMENT_TEAM = QF8H8R2NAV;
				INFOPLIST_FILE = 3DTouch/Info.plist;
				LD_RUNPATH_SEARCH_PATHS = (
					"$(inherited)",
					"@executable_path/Frameworks",
				);
				PRODUCT_BUNDLE_IDENTIFIER = "cn.edu.abc.-DTouch";
				PRODUCT_NAME = "$(TARGET_NAME)";
				SWIFT_VERSION = 5.0;
				TARGETED_DEVICE_FAMILY = "1,2";
			};
			name = Debug;
		};
		3CCA610A2216E31D0024A69E /* Release */ = {
			isa = XCBuildConfiguration;
			buildSettings = {
				ASSETCATALOG_COMPILER_APPICON_NAME = AppIcon;
				CODE_SIGN_STYLE = Automatic;
				DEVELOPMENT_TEAM = QF8H8R2NAV;
				INFOPLIST_FILE = 3DTouch/Info.plist;
				LD_RUNPATH_SEARCH_PATHS = (
					"$(inherited)",
					"@executable_path/Frameworks",
				);
				PRODUCT_BUNDLE_IDENTIFIER = "cn.edu.abc.-DTouch";
				PRODUCT_NAME = "$(TARGET_NAME)";
				SWIFT_VERSION = 5.0;
				TARGETED_DEVICE_FAMILY = "1,2";
			};
			name = Release;
		};
		3CCA610C2216E31D0024A69E /* Debug */ = {
			isa = XCBuildConfiguration;
			buildSettings = {
				ALWAYS_EMBED_SWIFT_STANDARD_LIBRARIES = YES;
				BUNDLE_LOADER = "$(TEST_HOST)";
				CODE_SIGN_STYLE = Automatic;
				INFOPLIST_FILE = 3DTouchTests/Info.plist;
				LD_RUNPATH_SEARCH_PATHS = (
					"$(inherited)",
					"@executable_path/Frameworks",
					"@loader_path/Frameworks",
				);
				PRODUCT_BUNDLE_IDENTIFIER = "cn.edu.abc.-DTouchTests";
				PRODUCT_NAME = "$(TARGET_NAME)";
				SWIFT_VERSION = 4.2;
				TARGETED_DEVICE_FAMILY = "1,2";
				TEST_HOST = "$(BUILT_PRODUCTS_DIR)/3DTouch.app/3DTouch";
			};
			name = Debug;
		};
		3CCA610D2216E31D0024A69E /* Release */ = {
			isa = XCBuildConfiguration;
			buildSettings = {
				ALWAYS_EMBED_SWIFT_STANDARD_LIBRARIES = YES;
				BUNDLE_LOADER = "$(TEST_HOST)";
				CODE_SIGN_STYLE = Automatic;
				INFOPLIST_FILE = 3DTouchTests/Info.plist;
				LD_RUNPATH_SEARCH_PATHS = (
					"$(inherited)",
					"@executable_path/Frameworks",
					"@loader_path/Frameworks",
				);
				PRODUCT_BUNDLE_IDENTIFIER = "cn.edu.abc.-DTouchTests";
				PRODUCT_NAME = "$(TARGET_NAME)";
				SWIFT_VERSION = 4.2;
				TARGETED_DEVICE_FAMILY = "1,2";
				TEST_HOST = "$(BUILT_PRODUCTS_DIR)/3DTouch.app/3DTouch";
			};
			name = Release;
		};
		3CCA610F2216E31D0024A69E /* Debug */ = {
			isa = XCBuildConfiguration;
			buildSettings = {
				ALWAYS_EMBED_SWIFT_STANDARD_LIBRARIES = YES;
				CODE_SIGN_STYLE = Automatic;
				INFOPLIST_FILE = 3DTouchUITests/Info.plist;
				LD_RUNPATH_SEARCH_PATHS = (
					"$(inherited)",
					"@executable_path/Frameworks",
					"@loader_path/Frameworks",
				);
				PRODUCT_BUNDLE_IDENTIFIER = "cn.edu.abc.-DTouchUITests";
				PRODUCT_NAME = "$(TARGET_NAME)";
				SWIFT_VERSION = 4.2;
				TARGETED_DEVICE_FAMILY = "1,2";
				TEST_TARGET_NAME = 3DTouch;
			};
			name = Debug;
		};
		3CCA61102216E31D0024A69E /* Release */ = {
			isa = XCBuildConfiguration;
			buildSettings = {
				ALWAYS_EMBED_SWIFT_STANDARD_LIBRARIES = YES;
				CODE_SIGN_STYLE = Automatic;
				INFOPLIST_FILE = 3DTouchUITests/Info.plist;
				LD_RUNPATH_SEARCH_PATHS = (
					"$(inherited)",
					"@executable_path/Frameworks",
					"@loader_path/Frameworks",
				);
				PRODUCT_BUNDLE_IDENTIFIER = "cn.edu.abc.-DTouchUITests";
				PRODUCT_NAME = "$(TARGET_NAME)";
				SWIFT_VERSION = 4.2;
				TARGETED_DEVICE_FAMILY = "1,2";
				TEST_TARGET_NAME = 3DTouch;
			};
			name = Release;
		};
/* End XCBuildConfiguration section */

/* Begin XCConfigurationList section */
		3CCA60DB2216E31C0024A69E /* Build configuration list for PBXProject "3DTouch" */ = {
			isa = XCConfigurationList;
			buildConfigurations = (
				3CCA61062216E31D0024A69E /* Debug */,
				3CCA61072216E31D0024A69E /* Release */,
			);
			defaultConfigurationIsVisible = 0;
			defaultConfigurationName = Release;
		};
		3CCA61082216E31D0024A69E /* Build configuration list for PBXNativeTarget "3DTouch" */ = {
			isa = XCConfigurationList;
			buildConfigurations = (
				3CCA61092216E31D0024A69E /* Debug */,
				3CCA610A2216E31D0024A69E /* Release */,
			);
			defaultConfigurationIsVisible = 0;
			defaultConfigurationName = Release;
		};
		3CCA610B2216E31D0024A69E /* Build configuration list for PBXNativeTarget "3DTouchTests" */ = {
			isa = XCConfigurationList;
			buildConfigurations = (
				3CCA610C2216E31D0024A69E /* Debug */,
				3CCA610D2216E31D0024A69E /* Release */,
			);
			defaultConfigurationIsVisible = 0;
			defaultConfigurationName = Release;
		};
		3CCA610E2216E31D0024A69E /* Build configuration list for PBXNativeTarget "3DTouchUITests" */ = {
			isa = XCConfigurationList;
			buildConfigurations = (
				3CCA610F2216E31D0024A69E /* Debug */,
				3CCA61102216E31D0024A69E /* Release */,
			);
			defaultConfigurationIsVisible = 0;
			defaultConfigurationName = Release;
		};
/* End XCConfigurationList section */
	};
	rootObject = 3CCA60D82216E31C0024A69E /* Project object */;
}
