// !$*UTF8*$!
{
	archiveVersion = 1;
	classes = {
	};
	objectVersion = 50;
	objects = {

/* Begin PBXBuildFile section */
		3C7935C021FC057400A1E0C7 /* AppDelegate.swift in Sources */ = {isa = PBXBuildFile; fileRef = 3C7935BF21FC057400A1E0C7 /* AppDelegate.swift */; };
		3C7935C221FC057400A1E0C7 /* ViewController.swift in Sources */ = {isa = PBXBuildFile; fileRef = 3C7935C121FC057400A1E0C7 /* ViewController.swift */; };
		3C7935C521FC057400A1E0C7 /* Main.storyboard in Resources */ = {isa = PBXBuildFile; fileRef = 3C7935C321FC057400A1E0C7 /* Main.storyboard */; };
		3C7935C721FC057400A1E0C7 /* Assets.xcassets in Resources */ = {isa = PBXBuildFile; fileRef = 3C7935C621FC057400A1E0C7 /* Assets.xcassets */; };
		3C7935CA21FC057400A1E0C7 /* LaunchScreen.storyboard in Resources */ = {isa = PBXBuildFile; fileRef = 3C7935C821FC057400A1E0C7 /* LaunchScreen.storyboard */; };
		3C7935D521FC057400A1E0C7 /* URLSession_get_postTests.swift in Sources */ = {isa = PBXBuildFile; fileRef = 3C7935D421FC057400A1E0C7 /* URLSession_get_postTests.swift */; };
		3C7935E021FC057400A1E0C7 /* URLSession_get_postUITests.swift in Sources */ = {isa = PBXBuildFile; fileRef = 3C7935DF21FC057400A1E0C7 /* URLSession_get_postUITests.swift */; };
/* End PBXBuildFile section */

/* Begin PBXContainerItemProxy section */
		3C7935D121FC057400A1E0C7 /* PBXContainerItemProxy */ = {
			isa = PBXContainerItemProxy;
			containerPortal = 3C7935B421FC057400A1E0C7 /* Project object */;
			proxyType = 1;
			remoteGlobalIDString = 3C7935BB21FC057400A1E0C7;
			remoteInfo = "URLSession-get和post";
		};
		3C7935DC21FC057400A1E0C7 /* PBXContainerItemProxy */ = {
			isa = PBXContainerItemProxy;
			containerPortal = 3C7935B421FC057400A1E0C7 /* Project object */;
			proxyType = 1;
			remoteGlobalIDString = 3C7935BB21FC057400A1E0C7;
			remoteInfo = "URLSession-get和post";
		};
/* End PBXContainerItemProxy section */

/* Begin PBXFileReference section */
		3C7935BC21FC057400A1E0C7 /* URLSession-get和post.app */ = {isa = PBXFileReference; explicitFileType = wrapper.application; includeInIndex = 0; path = "URLSession-get和post.app"; sourceTree = BUILT_PRODUCTS_DIR; };
		3C7935BF21FC057400A1E0C7 /* AppDelegate.swift */ = {isa = PBXFileReference; lastKnownFileType = sourcecode.swift; path = AppDelegate.swift; sourceTree = "<group>"; };
		3C7935C121FC057400A1E0C7 /* ViewController.swift */ = {isa = PBXFileReference; lastKnownFileType = sourcecode.swift; path = ViewController.swift; sourceTree = "<group>"; };
		3C7935C421FC057400A1E0C7 /* Base */ = {isa = PBXFileReference; lastKnownFileType = file.storyboard; name = Base; path = Base.lproj/Main.storyboard; sourceTree = "<group>"; };
		3C7935C621FC057400A1E0C7 /* Assets.xcassets */ = {isa = PBXFileReference; lastKnownFileType = folder.assetcatalog; path = Assets.xcassets; sourceTree = "<group>"; };
		3C7935C921FC057400A1E0C7 /* Base */ = {isa = PBXFileReference; lastKnownFileType = file.storyboard; name = Base; path = Base.lproj/LaunchScreen.storyboard; sourceTree = "<group>"; };
		3C7935CB21FC057400A1E0C7 /* Info.plist */ = {isa = PBXFileReference; lastKnownFileType = text.plist.xml; path = Info.plist; sourceTree = "<group>"; };
		3C7935D021FC057400A1E0C7 /* URLSession-get和postTests.xctest */ = {isa = PBXFileReference; explicitFileType = wrapper.cfbundle; includeInIndex = 0; path = "URLSession-get和postTests.xctest"; sourceTree = BUILT_PRODUCTS_DIR; };
		3C7935D421FC057400A1E0C7 /* URLSession_get_postTests.swift */ = {isa = PBXFileReference; lastKnownFileType = sourcecode.swift; path = URLSession_get_postTests.swift; sourceTree = "<group>"; };
		3C7935D621FC057400A1E0C7 /* Info.plist */ = {isa = PBXFileReference; lastKnownFileType = text.plist.xml; path = Info.plist; sourceTree = "<group>"; };
		3C7935DB21FC057400A1E0C7 /* URLSession-get和postUITests.xctest */ = {isa = PBXFileReference; explicitFileType = wrapper.cfbundle; includeInIndex = 0; path = "URLSession-get和postUITests.xctest"; sourceTree = BUILT_PRODUCTS_DIR; };
		3C7935DF21FC057400A1E0C7 /* URLSession_get_postUITests.swift */ = {isa = PBXFileReference; lastKnownFileType = sourcecode.swift; path = URLSession_get_postUITests.swift; sourceTree = "<group>"; };
		3C7935E121FC057400A1E0C7 /* Info.plist */ = {isa = PBXFileReference; lastKnownFileType = text.plist.xml; path = Info.plist; sourceTree = "<group>"; };
/* End PBXFileReference section */

/* Begin PBXFrameworksBuildPhase section */
		3C7935B921FC057400A1E0C7 /* Frameworks */ = {
			isa = PBXFrameworksBuildPhase;
			buildActionMask = 2147483647;
			files = (
			);
			runOnlyForDeploymentPostprocessing = 0;
		};
		3C7935CD21FC057400A1E0C7 /* Frameworks */ = {
			isa = PBXFrameworksBuildPhase;
			buildActionMask = 2147483647;
			files = (
			);
			runOnlyForDeploymentPostprocessing = 0;
		};
		3C7935D821FC057400A1E0C7 /* Frameworks */ = {
			isa = PBXFrameworksBuildPhase;
			buildActionMask = 2147483647;
			files = (
			);
			runOnlyForDeploymentPostprocessing = 0;
		};
/* End PBXFrameworksBuildPhase section */

/* Begin PBXGroup section */
		3C7935B321FC057400A1E0C7 = {
			isa = PBXGroup;
			children = (
				3C7935BE21FC057400A1E0C7 /* URLSession-get和post */,
				3C7935D321FC057400A1E0C7 /* URLSession-get和postTests */,
				3C7935DE21FC057400A1E0C7 /* URLSession-get和postUITests */,
				3C7935BD21FC057400A1E0C7 /* Products */,
			);
			sourceTree = "<group>";
		};
		3C7935BD21FC057400A1E0C7 /* Products */ = {
			isa = PBXGroup;
			children = (
				3C7935BC21FC057400A1E0C7 /* URLSession-get和post.app */,
				3C7935D021FC057400A1E0C7 /* URLSession-get和postTests.xctest */,
				3C7935DB21FC057400A1E0C7 /* URLSession-get和postUITests.xctest */,
			);
			name = Products;
			sourceTree = "<group>";
		};
		3C7935BE21FC057400A1E0C7 /* URLSession-get和post */ = {
			isa = PBXGroup;
			children = (
				3C7935BF21FC057400A1E0C7 /* AppDelegate.swift */,
				3C7935C121FC057400A1E0C7 /* ViewController.swift */,
				3C7935C321FC057400A1E0C7 /* Main.storyboard */,
				3C7935C621FC057400A1E0C7 /* Assets.xcassets */,
				3C7935C821FC057400A1E0C7 /* LaunchScreen.storyboard */,
				3C7935CB21FC057400A1E0C7 /* Info.plist */,
			);
			path = "URLSession-get和post";
			sourceTree = "<group>";
		};
		3C7935D321FC057400A1E0C7 /* URLSession-get和postTests */ = {
			isa = PBXGroup;
			children = (
				3C7935D421FC057400A1E0C7 /* URLSession_get_postTests.swift */,
				3C7935D621FC057400A1E0C7 /* Info.plist */,
			);
			path = "URLSession-get和postTests";
			sourceTree = "<group>";
		};
		3C7935DE21FC057400A1E0C7 /* URLSession-get和postUITests */ = {
			isa = PBXGroup;
			children = (
				3C7935DF21FC057400A1E0C7 /* URLSession_get_postUITests.swift */,
				3C7935E121FC057400A1E0C7 /* Info.plist */,
			);
			path = "URLSession-get和postUITests";
			sourceTree = "<group>";
		};
/* End PBXGroup section */

/* Begin PBXNativeTarget section */
		3C7935BB21FC057400A1E0C7 /* URLSession-get和post */ = {
			isa = PBXNativeTarget;
			buildConfigurationList = 3C7935E421FC057400A1E0C7 /* Build configuration list for PBXNativeTarget "URLSession-get和post" */;
			buildPhases = (
				3C7935B821FC057400A1E0C7 /* Sources */,
				3C7935B921FC057400A1E0C7 /* Frameworks */,
				3C7935BA21FC057400A1E0C7 /* Resources */,
			);
			buildRules = (
			);
			dependencies = (
			);
			name = "URLSession-get和post";
			productName = "URLSession-get和post";
			productReference = 3C7935BC21FC057400A1E0C7 /* URLSession-get和post.app */;
			productType = "com.apple.product-type.application";
		};
		3C7935CF21FC057400A1E0C7 /* URLSession-get和postTests */ = {
			isa = PBXNativeTarget;
			buildConfigurationList = 3C7935E721FC057400A1E0C7 /* Build configuration list for PBXNativeTarget "URLSession-get和postTests" */;
			buildPhases = (
				3C7935CC21FC057400A1E0C7 /* Sources */,
				3C7935CD21FC057400A1E0C7 /* Frameworks */,
				3C7935CE21FC057400A1E0C7 /* Resources */,
			);
			buildRules = (
			);
			dependencies = (
				3C7935D221FC057400A1E0C7 /* PBXTargetDependency */,
			);
			name = "URLSession-get和postTests";
			productName = "URLSession-get和postTests";
			productReference = 3C7935D021FC057400A1E0C7 /* URLSession-get和postTests.xctest */;
			productType = "com.apple.product-type.bundle.unit-test";
		};
		3C7935DA21FC057400A1E0C7 /* URLSession-get和postUITests */ = {
			isa = PBXNativeTarget;
			buildConfigurationList = 3C7935EA21FC057400A1E0C7 /* Build configuration list for PBXNativeTarget "URLSession-get和postUITests" */;
			buildPhases = (
				3C7935D721FC057400A1E0C7 /* Sources */,
				3C7935D821FC057400A1E0C7 /* Frameworks */,
				3C7935D921FC057400A1E0C7 /* Resources */,
			);
			buildRules = (
			);
			dependencies = (
				3C7935DD21FC057400A1E0C7 /* PBXTargetDependency */,
			);
			name = "URLSession-get和postUITests";
			productName = "URLSession-get和postUITests";
			productReference = 3C7935DB21FC057400A1E0C7 /* URLSession-get和postUITests.xctest */;
			productType = "com.apple.product-type.bundle.ui-testing";
		};
/* End PBXNativeTarget section */

/* Begin PBXProject section */
		3C7935B421FC057400A1E0C7 /* Project object */ = {
			isa = PBXProject;
			attributes = {
				LastSwiftUpdateCheck = 1010;
				LastUpgradeCheck = 1010;
				ORGANIZATIONNAME = ABC;
				TargetAttributes = {
					3C7935BB21FC057400A1E0C7 = {
						CreatedOnToolsVersion = 10.1;
					};
					3C7935CF21FC057400A1E0C7 = {
						CreatedOnToolsVersion = 10.1;
						TestTargetID = 3C7935BB21FC057400A1E0C7;
					};
					3C7935DA21FC057400A1E0C7 = {
						CreatedOnToolsVersion = 10.1;
						TestTargetID = 3C7935BB21FC057400A1E0C7;
					};
				};
			};
			buildConfigurationList = 3C7935B721FC057400A1E0C7 /* Build configuration list for PBXProject "URLSession-get和post" */;
			compatibilityVersion = "Xcode 9.3";
			developmentRegion = en;
			hasScannedForEncodings = 0;
			knownRegions = (
				en,
				Base,
			);
			mainGroup = 3C7935B321FC057400A1E0C7;
			productRefGroup = 3C7935BD21FC057400A1E0C7 /* Products */;
			projectDirPath = "";
			projectRoot = "";
			targets = (
				3C7935BB21FC057400A1E0C7 /* URLSession-get和post */,
				3C7935CF21FC057400A1E0C7 /* URLSession-get和postTests */,
				3C7935DA21FC057400A1E0C7 /* URLSession-get和postUITests */,
			);
		};
/* End PBXProject section */

/* Begin PBXResourcesBuildPhase section */
		3C7935BA21FC057400A1E0C7 /* Resources */ = {
			isa = PBXResourcesBuildPhase;
			buildActionMask = 2147483647;
			files = (
				3C7935CA21FC057400A1E0C7 /* LaunchScreen.storyboard in Resources */,
				3C7935C721FC057400A1E0C7 /* Assets.xcassets in Resources */,
				3C7935C521FC057400A1E0C7 /* Main.storyboard in Resources */,
			);
			runOnlyForDeploymentPostprocessing = 0;
		};
		3C7935CE21FC057400A1E0C7 /* Resources */ = {
			isa = PBXResourcesBuildPhase;
			buildActionMask = 2147483647;
			files = (
			);
			runOnlyForDeploymentPostprocessing = 0;
		};
		3C7935D921FC057400A1E0C7 /* Resources */ = {
			isa = PBXResourcesBuildPhase;
			buildActionMask = 2147483647;
			files = (
			);
			runOnlyForDeploymentPostprocessing = 0;
		};
/* End PBXResourcesBuildPhase section */

/* Begin PBXSourcesBuildPhase section */
		3C7935B821FC057400A1E0C7 /* Sources */ = {
			isa = PBXSourcesBuildPhase;
			buildActionMask = 2147483647;
			files = (
				3C7935C221FC057400A1E0C7 /* ViewController.swift in Sources */,
				3C7935C021FC057400A1E0C7 /* AppDelegate.swift in Sources */,
			);
			runOnlyForDeploymentPostprocessing = 0;
		};
		3C7935CC21FC057400A1E0C7 /* Sources */ = {
			isa = PBXSourcesBuildPhase;
			buildActionMask = 2147483647;
			files = (
				3C7935D521FC057400A1E0C7 /* URLSession_get_postTests.swift in Sources */,
			);
			runOnlyForDeploymentPostprocessing = 0;
		};
		3C7935D721FC057400A1E0C7 /* Sources */ = {
			isa = PBXSourcesBuildPhase;
			buildActionMask = 2147483647;
			files = (
				3C7935E021FC057400A1E0C7 /* URLSession_get_postUITests.swift in Sources */,
			);
			runOnlyForDeploymentPostprocessing = 0;
		};
/* End PBXSourcesBuildPhase section */

/* Begin PBXTargetDependency section */
		3C7935D221FC057400A1E0C7 /* PBXTargetDependency */ = {
			isa = PBXTargetDependency;
			target = 3C7935BB21FC057400A1E0C7 /* URLSession-get和post */;
			targetProxy = 3C7935D121FC057400A1E0C7 /* PBXContainerItemProxy */;
		};
		3C7935DD21FC057400A1E0C7 /* PBXTargetDependency */ = {
			isa = PBXTargetDependency;
			target = 3C7935BB21FC057400A1E0C7 /* URLSession-get和post */;
			targetProxy = 3C7935DC21FC057400A1E0C7 /* PBXContainerItemProxy */;
		};
/* End PBXTargetDependency section */

/* Begin PBXVariantGroup section */
		3C7935C321FC057400A1E0C7 /* Main.storyboard */ = {
			isa = PBXVariantGroup;
			children = (
				3C7935C421FC057400A1E0C7 /* Base */,
			);
			name = Main.storyboard;
			sourceTree = "<group>";
		};
		3C7935C821FC057400A1E0C7 /* LaunchScreen.storyboard */ = {
			isa = PBXVariantGroup;
			children = (
				3C7935C921FC057400A1E0C7 /* Base */,
			);
			name = LaunchScreen.storyboard;
			sourceTree = "<group>";
		};
/* End PBXVariantGroup section */

/* Begin XCBuildConfiguration section */
		3C7935E221FC057400A1E0C7 /* Debug */ = {
			isa = XCBuildConfiguration;
			buildSettings = {
				ALWAYS_SEARCH_USER_PATHS = NO;
				CLANG_ANALYZER_NONNULL = YES;
				CLANG_ANALYZER_NUMBER_OBJECT_CONVERSION = YES_AGGRESSIVE;
				CLANG_CXX_LANGUAGE_STANDARD = "gnu++14";
				CLANG_CXX_LIBRARY = "libc++";
				CLANG_ENABLE_MODULES = YES;
				CLANG_ENABLE_OBJC_ARC = YES;
				CLANG_ENABLE_OBJC_WEAK = YES;
				CLANG_WARN_BLOCK_CAPTURE_AUTORELEASING = YES;
				CLANG_WARN_BOOL_CONVERSION = YES;
				CLANG_WARN_COMMA = YES;
				CLANG_WARN_CONSTANT_CONVERSION = YES;
				CLANG_WARN_DEPRECATED_OBJC_IMPLEMENTATIONS = YES;
				CLANG_WARN_DIRECT_OBJC_ISA_USAGE = YES_ERROR;
				CLANG_WARN_DOCUMENTATION_COMMENTS = YES;
				CLANG_WARN_EMPTY_BODY = YES;
				CLANG_WARN_ENUM_CONVERSION = YES;
				CLANG_WARN_INFINITE_RECURSION = YES;
				CLANG_WARN_INT_CONVERSION = YES;
				CLANG_WARN_NON_LITERAL_NULL_CONVERSION = YES;
				CLANG_WARN_OBJC_IMPLICIT_RETAIN_SELF = YES;
				CLANG_WARN_OBJC_LITERAL_CONVERSION = YES;
				CLANG_WARN_OBJC_ROOT_CLASS = YES_ERROR;
				CLANG_WARN_RANGE_LOOP_ANALYSIS = YES;
				CLANG_WARN_STRICT_PROTOTYPES = YES;
				CLANG_WARN_SUSPICIOUS_MOVE = YES;
				CLANG_WARN_UNGUARDED_AVAILABILITY = YES_AGGRESSIVE;
				CLANG_WARN_UNREACHABLE_CODE = YES;
				CLANG_WARN__DUPLICATE_METHOD_MATCH = YES;
				CODE_SIGN_IDENTITY = "iPhone Developer";
				COPY_PHASE_STRIP = NO;
				DEBUG_INFORMATION_FORMAT = dwarf;
				ENABLE_STRICT_OBJC_MSGSEND = YES;
				ENABLE_TESTABILITY = YES;
				GCC_C_LANGUAGE_STANDARD = gnu11;
				GCC_DYNAMIC_NO_PIC = NO;
				GCC_NO_COMMON_BLOCKS = YES;
				GCC_OPTIMIZATION_LEVEL = 0;
				GCC_PREPROCESSOR_DEFINITIONS = (
					"DEBUG=1",
					"$(inherited)",
				);
				GCC_WARN_64_TO_32_BIT_CONVERSION = YES;
				GCC_WARN_ABOUT_RETURN_TYPE = YES_ERROR;
				GCC_WARN_UNDECLARED_SELECTOR = YES;
				GCC_WARN_UNINITIALIZED_AUTOS = YES_AGGRESSIVE;
				GCC_WARN_UNUSED_FUNCTION = YES;
				GCC_WARN_UNUSED_VARIABLE = YES;
				IPHONEOS_DEPLOYMENT_TARGET = 12.1;
				MTL_ENABLE_DEBUG_INFO = INCLUDE_SOURCE;
				MTL_FAST_MATH = YES;
				ONLY_ACTIVE_ARCH = YES;
				SDKROOT = iphoneos;
				SWIFT_ACTIVE_COMPILATION_CONDITIONS = DEBUG;
				SWIFT_OPTIMIZATION_LEVEL = "-Onone";
			};
			name = Debug;
		};
		3C7935E321FC057400A1E0C7 /* Release */ = {
			isa = XCBuildConfiguration;
			buildSettings = {
				ALWAYS_SEARCH_USER_PATHS = NO;
				CLANG_ANALYZER_NONNULL = YES;
				CLANG_ANALYZER_NUMBER_OBJECT_CONVERSION = YES_AGGRESSIVE;
				CLANG_CXX_LANGUAGE_STANDARD = "gnu++14";
				CLANG_CXX_LIBRARY = "libc++";
				CLANG_ENABLE_MODULES = YES;
				CLANG_ENABLE_OBJC_ARC = YES;
				CLANG_ENABLE_OBJC_WEAK = YES;
				CLANG_WARN_BLOCK_CAPTURE_AUTORELEASING = YES;
				CLANG_WARN_BOOL_CONVERSION = YES;
				CLANG_WARN_COMMA = YES;
				CLANG_WARN_CONSTANT_CONVERSION = YES;
				CLANG_WARN_DEPRECATED_OBJC_IMPLEMENTATIONS = YES;
				CLANG_WARN_DIRECT_OBJC_ISA_USAGE = YES_ERROR;
				CLANG_WARN_DOCUMENTATION_COMMENTS = YES;
				CLANG_WARN_EMPTY_BODY = YES;
				CLANG_WARN_ENUM_CONVERSION = YES;
				CLANG_WARN_INFINITE_RECURSION = YES;
				CLANG_WARN_INT_CONVERSION = YES;
				CLANG_WARN_NON_LITERAL_NULL_CONVERSION = YES;
				CLANG_WARN_OBJC_IMPLICIT_RETAIN_SELF = YES;
				CLANG_WARN_OBJC_LITERAL_CONVERSION = YES;
				CLANG_WARN_OBJC_ROOT_CLASS = YES_ERROR;
				CLANG_WARN_RANGE_LOOP_ANALYSIS = YES;
				CLANG_WARN_STRICT_PROTOTYPES = YES;
				CLANG_WARN_SUSPICIOUS_MOVE = YES;
				CLANG_WARN_UNGUARDED_AVAILABILITY = YES_AGGRESSIVE;
				CLANG_WARN_UNREACHABLE_CODE = YES;
				CLANG_WARN__DUPLICATE_METHOD_MATCH = YES;
				CODE_SIGN_IDENTITY = "iPhone Developer";
				COPY_PHASE_STRIP = NO;
				DEBUG_INFORMATION_FORMAT = "dwarf-with-dsym";
				ENABLE_NS_ASSERTIONS = NO;
				ENABLE_STRICT_OBJC_MSGSEND = YES;
				GCC_C_LANGUAGE_STANDARD = gnu11;
				GCC_NO_COMMON_BLOCKS = YES;
				GCC_WARN_64_TO_32_BIT_CONVERSION = YES;
				GCC_WARN_ABOUT_RETURN_TYPE = YES_ERROR;
				GCC_WARN_UNDECLARED_SELECTOR = YES;
				GCC_WARN_UNINITIALIZED_AUTOS = YES_AGGRESSIVE;
				GCC_WARN_UNUSED_FUNCTION = YES;
				GCC_WARN_UNUSED_VARIABLE = YES;
				IPHONEOS_DEPLOYMENT_TARGET = 12.1;
				MTL_ENABLE_DEBUG_INFO = NO;
				MTL_FAST_MATH = YES;
				SDKROOT = iphoneos;
				SWIFT_COMPILATION_MODE = wholemodule;
				SWIFT_OPTIMIZATION_LEVEL = "-O";
				VALIDATE_PRODUCT = YES;
			};
			name = Release;
		};
		3C7935E521FC057400A1E0C7 /* Debug */ = {
			isa = XCBuildConfiguration;
			buildSettings = {
				ASSETCATALOG_COMPILER_APPICON_NAME = AppIcon;
				CODE_SIGN_STYLE = Automatic;
				INFOPLIST_FILE = "URLSession-get和post/Info.plist";
				LD_RUNPATH_SEARCH_PATHS = (
					"$(inherited)",
					"@executable_path/Frameworks",
				);
				PRODUCT_BUNDLE_IDENTIFIER = "cn.edu.abc.URLSession-get-post";
				PRODUCT_NAME = "$(TARGET_NAME)";
				SWIFT_VERSION = 4.2;
				TARGETED_DEVICE_FAMILY = "1,2";
			};
			name = Debug;
		};
		3C7935E621FC057400A1E0C7 /* Release */ = {
			isa = XCBuildConfiguration;
			buildSettings = {
				ASSETCATALOG_COMPILER_APPICON_NAME = AppIcon;
				CODE_SIGN_STYLE = Automatic;
				INFOPLIST_FILE = "URLSession-get和post/Info.plist";
				LD_RUNPATH_SEARCH_PATHS = (
					"$(inherited)",
					"@executable_path/Frameworks",
				);
				PRODUCT_BUNDLE_IDENTIFIER = "cn.edu.abc.URLSession-get-post";
				PRODUCT_NAME = "$(TARGET_NAME)";
				SWIFT_VERSION = 4.2;
				TARGETED_DEVICE_FAMILY = "1,2";
			};
			name = Release;
		};
		3C7935E821FC057400A1E0C7 /* Debug */ = {
			isa = XCBuildConfiguration;
			buildSettings = {
				ALWAYS_EMBED_SWIFT_STANDARD_LIBRARIES = YES;
				BUNDLE_LOADER = "$(TEST_HOST)";
				CODE_SIGN_STYLE = Automatic;
				INFOPLIST_FILE = "URLSession-get和postTests/Info.plist";
				LD_RUNPATH_SEARCH_PATHS = (
					"$(inherited)",
					"@executable_path/Frameworks",
					"@loader_path/Frameworks",
				);
				PRODUCT_BUNDLE_IDENTIFIER = "cn.edu.abc.URLSession-get-postTests";
				PRODUCT_NAME = "$(TARGET_NAME)";
				SWIFT_VERSION = 4.2;
				TARGETED_DEVICE_FAMILY = "1,2";
				TEST_HOST = "$(BUILT_PRODUCTS_DIR)/URLSession-get和post.app/URLSession-get和post";
			};
			name = Debug;
		};
		3C7935E921FC057400A1E0C7 /* Release */ = {
			isa = XCBuildConfiguration;
			buildSettings = {
				ALWAYS_EMBED_SWIFT_STANDARD_LIBRARIES = YES;
				BUNDLE_LOADER = "$(TEST_HOST)";
				CODE_SIGN_STYLE = Automatic;
				INFOPLIST_FILE = "URLSession-get和postTests/Info.plist";
				LD_RUNPATH_SEARCH_PATHS = (
					"$(inherited)",
					"@executable_path/Frameworks",
					"@loader_path/Frameworks",
				);
				PRODUCT_BUNDLE_IDENTIFIER = "cn.edu.abc.URLSession-get-postTests";
				PRODUCT_NAME = "$(TARGET_NAME)";
				SWIFT_VERSION = 4.2;
				TARGETED_DEVICE_FAMILY = "1,2";
				TEST_HOST = "$(BUILT_PRODUCTS_DIR)/URLSession-get和post.app/URLSession-get和post";
			};
			name = Release;
		};
		3C7935EB21FC057400A1E0C7 /* Debug */ = {
			isa = XCBuildConfiguration;
			buildSettings = {
				ALWAYS_EMBED_SWIFT_STANDARD_LIBRARIES = YES;
				CODE_SIGN_STYLE = Automatic;
				INFOPLIST_FILE = "URLSession-get和postUITests/Info.plist";
				LD_RUNPATH_SEARCH_PATHS = (
					"$(inherited)",
					"@executable_path/Frameworks",
					"@loader_path/Frameworks",
				);
				PRODUCT_BUNDLE_IDENTIFIER = "cn.edu.abc.URLSession-get-postUITests";
				PRODUCT_NAME = "$(TARGET_NAME)";
				SWIFT_VERSION = 4.2;
				TARGETED_DEVICE_FAMILY = "1,2";
				TEST_TARGET_NAME = "URLSession-get和post";
			};
			name = Debug;
		};
		3C7935EC21FC057400A1E0C7 /* Release */ = {
			isa = XCBuildConfiguration;
			buildSettings = {
				ALWAYS_EMBED_SWIFT_STANDARD_LIBRARIES = YES;
				CODE_SIGN_STYLE = Automatic;
				INFOPLIST_FILE = "URLSession-get和postUITests/Info.plist";
				LD_RUNPATH_SEARCH_PATHS = (
					"$(inherited)",
					"@executable_path/Frameworks",
					"@loader_path/Frameworks",
				);
				PRODUCT_BUNDLE_IDENTIFIER = "cn.edu.abc.URLSession-get-postUITests";
				PRODUCT_NAME = "$(TARGET_NAME)";
				SWIFT_VERSION = 4.2;
				TARGETED_DEVICE_FAMILY = "1,2";
				TEST_TARGET_NAME = "URLSession-get和post";
			};
			name = Release;
		};
/* End XCBuildConfiguration section */

/* Begin XCConfigurationList section */
		3C7935B721FC057400A1E0C7 /* Build configuration list for PBXProject "URLSession-get和post" */ = {
			isa = XCConfigurationList;
			buildConfigurations = (
				3C7935E221FC057400A1E0C7 /* Debug */,
				3C7935E321FC057400A1E0C7 /* Release */,
			);
			defaultConfigurationIsVisible = 0;
			defaultConfigurationName = Release;
		};
		3C7935E421FC057400A1E0C7 /* Build configuration list for PBXNativeTarget "URLSession-get和post" */ = {
			isa = XCConfigurationList;
			buildConfigurations = (
				3C7935E521FC057400A1E0C7 /* Debug */,
				3C7935E621FC057400A1E0C7 /* Release */,
			);
			defaultConfigurationIsVisible = 0;
			defaultConfigurationName = Release;
		};
		3C7935E721FC057400A1E0C7 /* Build configuration list for PBXNativeTarget "URLSession-get和postTests" */ = {
			isa = XCConfigurationList;
			buildConfigurations = (
				3C7935E821FC057400A1E0C7 /* Debug */,
				3C7935E921FC057400A1E0C7 /* Release */,
			);
			defaultConfigurationIsVisible = 0;
			defaultConfigurationName = Release;
		};
		3C7935EA21FC057400A1E0C7 /* Build configuration list for PBXNativeTarget "URLSession-get和postUITests" */ = {
			isa = XCConfigurationList;
			buildConfigurations = (
				3C7935EB21FC057400A1E0C7 /* Debug */,
				3C7935EC21FC057400A1E0C7 /* Release */,
			);
			defaultConfigurationIsVisible = 0;
			defaultConfigurationName = Release;
		};
/* End XCConfigurationList section */
	};
	rootObject = 3C7935B421FC057400A1E0C7 /* Project object */;
}
